{
  "version": 2,
  "dependencies": {
    "net9.0": {
      "Microsoft.NET.ILLink.Tasks": {
        "type": "Direct",
        "requested": "[9.0.1, )",
        "resolved": "9.0.1",
        "contentHash": "BKFAkdhUUJivAoKuSWcT23WH9E+AWQMJootzt9X+lnesOD2a2yNIe1ZQFtxB8H3ayskLBD5gYyIbj5GIfw7rZg=="
      },
      "System.Text.Encodings.Web": {
        "type": "Direct",
        "requested": "[9.0.0, )",
        "resolved": "9.0.0",
        "contentHash": "e2hMgAErLbKyUUwt18qSBf9T5Y+SFAL3ZedM8fLupkVj8Rj2PZ9oxQ37XX2LF8fTO1wNIxvKpihD7Of7D/NxZw=="
      },
      "Microsoft.Extensions.Primitives": {
        "type": "Transitive",
        "resolved": "9.0.0",
        "contentHash": "N3qEBzmLMYiASUlKxxFIISP4AiwuPTHF5uCh+2CWSwwzAJiIYx0kBJsS30cp1nvhSySFAVi30jecD307jV+8Kg=="
      },
      "Std.UriTemplate": {
        "type": "Transitive",
        "resolved": "2.0.1",
        "contentHash": "Ix5VXZwLfolwVHyGTSSJl6KIJ2le6E9YjLdZBMS1Xxzw7VJankRvQW8JoUL69tEgfcw+0qjgWrlxANrhvS0QCQ=="
      },
      "pubnet.auth": {
        "type": "Project",
        "dependencies": {
          "Microsoft.Extensions.Configuration.Abstractions": "[9.0.0, )",
          "Microsoft.Extensions.Logging.Abstractions": "[9.0.0, )",
          "Vogen": "[5.0.3, )"
        }
      },
      "pubnet.client.apiclient": {
        "type": "Project",
        "dependencies": {
          "Microsoft.Kiota.Abstractions": "[1.15.0, )",
          "Microsoft.Kiota.Http.HttpClientLibrary": "[1.15.0, )",
          "Microsoft.Kiota.Serialization.Form": "[1.15.0, )",
          "Microsoft.Kiota.Serialization.Json": "[1.15.0, )",
          "Microsoft.Kiota.Serialization.Multipart": "[1.15.0, )",
          "Microsoft.Kiota.Serialization.Text": "[1.15.0, )"
        }
      },
      "Microsoft.Extensions.Configuration.Abstractions": {
        "type": "CentralTransitive",
        "requested": "[9.0.0, )",
        "resolved": "9.0.0",
        "contentHash": "lqvd7W3FGKUO1+ZoUEMaZ5XDJeWvjpy2/M/ptCGz3tXLD4HWVaSzjufsAsjemasBEg+2SxXVtYVvGt5r2nKDlg==",
        "dependencies": {
          "Microsoft.Extensions.Primitives": "9.0.0"
        }
      },
      "Microsoft.Extensions.DependencyInjection.Abstractions": {
        "type": "CentralTransitive",
        "requested": "[9.0.0, )",
        "resolved": "9.0.0",
        "contentHash": "+6f2qv2a3dLwd5w6JanPIPs47CxRbnk+ZocMJUhv9NxP88VlOcJYZs9jY+MYSjxvady08bUZn6qgiNh7DadGgg=="
      },
      "Microsoft.Extensions.Logging.Abstractions": {
        "type": "CentralTransitive",
        "requested": "[9.0.0, )",
        "resolved": "9.0.0",
        "contentHash": "g0UfujELzlLbHoVG8kPKVBaW470Ewi+jnptGS9KUi6jcb+k2StujtK3m26DFSGGwQ/+bVgZfsWqNzlP6YOejvw==",
        "dependencies": {
          "Microsoft.Extensions.DependencyInjection.Abstractions": "9.0.0"
        }
      },
      "Microsoft.Kiota.Abstractions": {
        "type": "CentralTransitive",
        "requested": "[1.16.1, )",
        "resolved": "1.15.0",
        "contentHash": "qryNF3Lp7oJCPN+l+KY/JIGjtWsdw1vF9Hr0/JVwKq4XCJlaKDbicPVIkNH33j9GcExne/X3h9m8QdSUQeessQ==",
        "dependencies": {
          "Std.UriTemplate": "2.0.1"
        }
      },
      "Microsoft.Kiota.Http.HttpClientLibrary": {
        "type": "CentralTransitive",
        "requested": "[1.16.1, )",
        "resolved": "1.15.0",
        "contentHash": "8eGh20bHjJlmK/x5Cpx9qbppNBBTgateVWDi0o5In4Uw3mHHA6Asba22ZB/rq62U6W/FPML8yjtbmKBmTId0uw==",
        "dependencies": {
          "Microsoft.Kiota.Abstractions": "1.15.0"
        }
      },
      "Microsoft.Kiota.Serialization.Form": {
        "type": "CentralTransitive",
        "requested": "[1.16.1, )",
        "resolved": "1.15.0",
        "contentHash": "jeucwNnwLAJR08dpmrdiYMP9gAYkwXpKH0hW9DyxJ3AbCpyK/5AUOLQFJh9YPELRe3iKApgby10KXdgcXIP0fw==",
        "dependencies": {
          "Microsoft.Kiota.Abstractions": "1.15.0"
        }
      },
      "Microsoft.Kiota.Serialization.Json": {
        "type": "CentralTransitive",
        "requested": "[1.16.1, )",
        "resolved": "1.15.0",
        "contentHash": "83+yGOcp7EXPnTES7z/INZX9pNYmGhPbMi2WFDGl5B9mdcw22sYU4++jZLYf/VyEoa4TOmzBRawAhwBwlTyBHQ==",
        "dependencies": {
          "Microsoft.Kiota.Abstractions": "1.15.0"
        }
      },
      "Microsoft.Kiota.Serialization.Multipart": {
        "type": "CentralTransitive",
        "requested": "[1.16.1, )",
        "resolved": "1.15.0",
        "contentHash": "c4HRU7qGuU8yDcU5WkA7nCRgIlWVUscDFjzOlWkCYcmCWP3grXu9G4yPaVo4BzE2pPpd3m31g+uNigWgJcr5iw==",
        "dependencies": {
          "Microsoft.Kiota.Abstractions": "1.15.0"
        }
      },
      "Microsoft.Kiota.Serialization.Text": {
        "type": "CentralTransitive",
        "requested": "[1.16.1, )",
        "resolved": "1.15.0",
        "contentHash": "8l8R6fhr27yfdL51BMdArvIYwIsqoCJkimOOXU0In+wjVXYZI6JPK6kd3PoPu70KMDuJTCUGgn2LwcZAhZAAwQ==",
        "dependencies": {
          "Microsoft.Kiota.Abstractions": "1.15.0"
        }
      },
      "Vogen": {
        "type": "CentralTransitive",
        "requested": "[6.0.0, )",
        "resolved": "5.0.3",
        "contentHash": "GUofXjk0VKJBlzcDVHhOIE5Z7hNuLujuShUTndkZPV+ZBZ7Ss9qWlEUb51kMXyBMsFJ9mBraq+eC7fUoVoOPYg=="
      }
    }
  }
}