
Microsoft Visual Studio Solution File, Format Version 12.00
Project("{FAE04EC0-301F-11D3-BF4B-00C04F79EFBC}") = "PubNet.API", "PubNet.API\PubNet.API.csproj", "{A1864A8B-C686-43BF-AD82-DBD5B4560CB6}"
EndProject
Project("{2150E333-8FDC-42A3-9474-1A3956D46DE8}") = "Solution Items", "Solution Items", "{6F717FC7-42F0-42E9-B731-D0443E2099C3}"
	ProjectSection(SolutionItems) = preProject
		.dockerignore = .dockerignore
		.gitignore = .gitignore
		README.md = README.md
		docker-compose.yml = docker-compose.yml
		.editorconfig = .editorconfig
		Caddyfile = Caddyfile
		worker-appsettings.json = worker-appsettings.json
		backend-appsettings.json = backend-appsettings.json
		LICENSE = LICENSE
		NuGet.Config = NuGet.Config
		Directory.Build.props = Directory.Build.props
		Directory.Packages.props = Directory.Packages.props
	EndProjectSection
EndProject
Project("{FAE04EC0-301F-11D3-BF4B-00C04F79EFBC}") = "PubNet.Frontend", "PubNet.Frontend\PubNet.Frontend.csproj", "{9D192AC4-B6B3-45D0-B3D9-502AA2491ACC}"
EndProject
Project("{FAE04EC0-301F-11D3-BF4B-00C04F79EFBC}") = "PubNet.DTO", "PubNet.DTO\PubNet.DTO.csproj", "{CF4DFF64-0E99-44A5-999D-1DAC69953740}"
EndProject
Project("{FAE04EC0-301F-11D3-BF4B-00C04F79EFBC}") = "PubNet.Worker", "PubNet.Worker\PubNet.Worker.csproj", "{D36FD9E5-2FA2-404A-B34C-4C5F96E92BC5}"
EndProject
Project("{FAE04EC0-301F-11D3-BF4B-00C04F79EFBC}") = "PubNet.Database", "PubNet.Database\PubNet.Database.csproj", "{A9A94E0D-8A8A-4705-BFE1-9452D6A51B9A}"
EndProject
Project("{FAE04EC0-301F-11D3-BF4B-00C04F79EFBC}") = "PubNet.Common", "PubNet.Common\PubNet.Common.csproj", "{A09995E8-0D9E-4E87-827B-CEED34327B4B}"
EndProject
Project("{2150E333-8FDC-42A3-9474-1A3956D46DE8}") = "Workflows", "Workflows", "{3F19FB91-8783-40D7-8DD3-26BA3B4AE59A}"
	ProjectSection(SolutionItems) = preProject
		.github\workflows\docker-publish.yml = .github\workflows\docker-publish.yml
		.github\workflows\dotnet.yml = .github\workflows\dotnet.yml
	EndProjectSection
EndProject
Global
	GlobalSection(SolutionConfigurationPlatforms) = preSolution
		Debug|Any CPU = Debug|Any CPU
		Release|Any CPU = Release|Any CPU
	EndGlobalSection
	GlobalSection(ProjectConfigurationPlatforms) = postSolution
		{A1864A8B-C686-43BF-AD82-DBD5B4560CB6}.Debug|Any CPU.ActiveCfg = Debug|Any CPU
		{A1864A8B-C686-43BF-AD82-DBD5B4560CB6}.Debug|Any CPU.Build.0 = Debug|Any CPU
		{A1864A8B-C686-43BF-AD82-DBD5B4560CB6}.Release|Any CPU.ActiveCfg = Release|Any CPU
		{A1864A8B-C686-43BF-AD82-DBD5B4560CB6}.Release|Any CPU.Build.0 = Release|Any CPU
		{9D192AC4-B6B3-45D0-B3D9-502AA2491ACC}.Debug|Any CPU.ActiveCfg = Debug|Any CPU
		{9D192AC4-B6B3-45D0-B3D9-502AA2491ACC}.Debug|Any CPU.Build.0 = Debug|Any CPU
		{9D192AC4-B6B3-45D0-B3D9-502AA2491ACC}.Release|Any CPU.ActiveCfg = Release|Any CPU
		{9D192AC4-B6B3-45D0-B3D9-502AA2491ACC}.Release|Any CPU.Build.0 = Release|Any CPU
		{CF4DFF64-0E99-44A5-999D-1DAC69953740}.Debug|Any CPU.ActiveCfg = Debug|Any CPU
		{CF4DFF64-0E99-44A5-999D-1DAC69953740}.Debug|Any CPU.Build.0 = Debug|Any CPU
		{CF4DFF64-0E99-44A5-999D-1DAC69953740}.Release|Any CPU.ActiveCfg = Release|Any CPU
		{CF4DFF64-0E99-44A5-999D-1DAC69953740}.Release|Any CPU.Build.0 = Release|Any CPU
		{D36FD9E5-2FA2-404A-B34C-4C5F96E92BC5}.Debug|Any CPU.ActiveCfg = Debug|Any CPU
		{D36FD9E5-2FA2-404A-B34C-4C5F96E92BC5}.Debug|Any CPU.Build.0 = Debug|Any CPU
		{D36FD9E5-2FA2-404A-B34C-4C5F96E92BC5}.Release|Any CPU.ActiveCfg = Release|Any CPU
		{D36FD9E5-2FA2-404A-B34C-4C5F96E92BC5}.Release|Any CPU.Build.0 = Release|Any CPU
		{A9A94E0D-8A8A-4705-BFE1-9452D6A51B9A}.Debug|Any CPU.ActiveCfg = Debug|Any CPU
		{A9A94E0D-8A8A-4705-BFE1-9452D6A51B9A}.Debug|Any CPU.Build.0 = Debug|Any CPU
		{A9A94E0D-8A8A-4705-BFE1-9452D6A51B9A}.Release|Any CPU.ActiveCfg = Release|Any CPU
		{A9A94E0D-8A8A-4705-BFE1-9452D6A51B9A}.Release|Any CPU.Build.0 = Release|Any CPU
		{A09995E8-0D9E-4E87-827B-CEED34327B4B}.Debug|Any CPU.ActiveCfg = Debug|Any CPU
		{A09995E8-0D9E-4E87-827B-CEED34327B4B}.Debug|Any CPU.Build.0 = Debug|Any CPU
		{A09995E8-0D9E-4E87-827B-CEED34327B4B}.Release|Any CPU.ActiveCfg = Release|Any CPU
		{A09995E8-0D9E-4E87-827B-CEED34327B4B}.Release|Any CPU.Build.0 = Release|Any CPU
	EndGlobalSection
	GlobalSection(NestedProjects) = preSolution
		{3F19FB91-8783-40D7-8DD3-26BA3B4AE59A} = {6F717FC7-42F0-42E9-B731-D0443E2099C3}
	EndGlobalSection
EndGlobal
