
Microsoft Visual Studio Solution File, Format Version 12.00
Project("{FAE04EC0-301F-11D3-BF4B-00C04F79EFBC}") = "PubNet.API", "API\PubNet.API\PubNet.API.csproj", "{A1864A8B-C686-43BF-AD82-DBD5B4560CB6}"
EndProject
Project("{2150E333-8FDC-42A3-9474-1A3956D46DE8}") = "Solution Items", "Solution Items", "{6F717FC7-42F0-42E9-B731-D0443E2099C3}"
	ProjectSection(SolutionItems) = preProject
		.dockerignore = .dockerignore
		.gitignore = .gitignore
		README.md = README.md
		docker-compose.yml = docker-compose.yml
		.editorconfig = .editorconfig
		Caddyfile = Caddyfile
		worker-appsettings.json = worker-appsettings.json
		backend-appsettings.json = backend-appsettings.json
		LICENSE = LICENSE
		global.json = global.json
		Architecture.md = Architecture.md
	EndProjectSection
EndProject
Project("{FAE04EC0-301F-11D3-BF4B-00C04F79EFBC}") = "PubNet.Frontend", "Frontend\PubNet.Frontend\PubNet.Frontend.csproj", "{9D192AC4-B6B3-45D0-B3D9-502AA2491ACC}"
EndProject
Project("{FAE04EC0-301F-11D3-BF4B-00C04F79EFBC}") = "PubNet.Worker", "Worker\PubNet.Worker\PubNet.Worker.csproj", "{D36FD9E5-2FA2-404A-B34C-4C5F96E92BC5}"
EndProject
Project("{FAE04EC0-301F-11D3-BF4B-00C04F79EFBC}") = "PubNet.Database", "DB\PubNet.Database\PubNet.Database.csproj", "{A9A94E0D-8A8A-4705-BFE1-9452D6A51B9A}"
EndProject
Project("{2150E333-8FDC-42A3-9474-1A3956D46DE8}") = "Workflows", "Workflows", "{3F19FB91-8783-40D7-8DD3-26BA3B4AE59A}"
	ProjectSection(SolutionItems) = preProject
		.github\workflows\docker-publish.yml = .github\workflows\docker-publish.yml
		.github\workflows\dotnet.yml = .github\workflows\dotnet.yml
	EndProjectSection
EndProject
Project("{2150E333-8FDC-42A3-9474-1A3956D46DE8}") = "API", "API", "{5499F184-A74F-4D6D-9BA8-4CBC02A109F8}"
EndProject
Project("{2150E333-8FDC-42A3-9474-1A3956D46DE8}") = "Worker", "Worker", "{FBB066E9-FB52-4AA7-8D4C-B796063DC723}"
EndProject
Project("{2150E333-8FDC-42A3-9474-1A3956D46DE8}") = "Frontend", "Frontend", "{22C7D5EC-2CE9-439A-B3DA-36A922CD2848}"
EndProject
Project("{2150E333-8FDC-42A3-9474-1A3956D46DE8}") = "Storage", "Storage", "{220607FD-DB85-479B-9949-566CC8AF3ABD}"
EndProject
Project("{2150E333-8FDC-42A3-9474-1A3956D46DE8}") = "DB", "DB", "{04EF0EA2-B6ED-4111-8589-EE79FA51EF60}"
EndProject
Project("{2150E333-8FDC-42A3-9474-1A3956D46DE8}") = "Common", "Common", "{40C90995-E0FF-4940-B1AA-B3C28281ED6B}"
EndProject
Project("{FAE04EC0-301F-11D3-BF4B-00C04F79EFBC}") = "PubNet.Common", "Common\PubNet.Common\PubNet.Common.csproj", "{DFEE05A5-BCBC-477F-ABAF-E981E6FD699F}"
EndProject
Project("{FAE04EC0-301F-11D3-BF4B-00C04F79EFBC}") = "PubNet.DTO", "Common\PubNet.DTO\PubNet.DTO.csproj", "{5D4B2105-AB32-464B-86AC-E9037C088FAE}"
EndProject
Project("{FAE04EC0-301F-11D3-BF4B-00C04F79EFBC}") = "PubNet.BlobStorage.Abstractions", "Storage\PubNet.BlobStorage.Abstractions\PubNet.BlobStorage.Abstractions.csproj", "{311CF62B-A45D-4847-AC3A-F16E01173BB4}"
EndProject
Project("{FAE04EC0-301F-11D3-BF4B-00C04F79EFBC}") = "PubNet.Database.Abstractions", "DB\PubNet.Database.Abstractions\PubNet.Database.Abstractions.csproj", "{ADFBB06D-C19D-4F2B-BAD5-944740A3274F}"
EndProject
Project("{FAE04EC0-301F-11D3-BF4B-00C04F79EFBC}") = "PubNet.BlobStorage.LocalFileBlobStorage", "Storage\PubNet.BlobStorage.LocalFileBlobStorage\PubNet.BlobStorage.LocalFileBlobStorage.csproj", "{08CE2A29-0441-445D-8860-67015FE42FBE}"
EndProject
Project("{FAE04EC0-301F-11D3-BF4B-00C04F79EFBC}") = "PubNet.BlobStorage.Extensions", "Storage\PubNet.BlobStorage.Extensions\PubNet.BlobStorage.Extensions.csproj", "{ABA3BFA2-E565-4D5C-8D04-02DA7251955D}"
EndProject
Project("{FAE04EC0-301F-11D3-BF4B-00C04F79EFBC}") = "PubNet.ArchiveStorage.Abstractions", "Storage\PubNet.ArchiveStorage.Abstractions\PubNet.ArchiveStorage.Abstractions.csproj", "{6A11E633-9FAB-4BD0-86F5-40D5A2992013}"
EndProject
Project("{FAE04EC0-301F-11D3-BF4B-00C04F79EFBC}") = "PubNet.DocsStorage.Abstractions", "Storage\PubNet.DocsStorage.Abstractions\PubNet.DocsStorage.Abstractions.csproj", "{C0E4925C-25CB-40B0-BD92-1991B4C2443F}"
EndProject
Project("{FAE04EC0-301F-11D3-BF4B-00C04F79EFBC}") = "PubNet.ArchiveStorage.BlobStorage", "Storage\PubNet.ArchiveStorage.BlobStorage\PubNet.ArchiveStorage.BlobStorage.csproj", "{78BD340F-AB22-4C80-AD42-853B511CA473}"
EndProject
Project("{FAE04EC0-301F-11D3-BF4B-00C04F79EFBC}") = "PubNet.DocsStorage.LocalFileDocsStorage", "Storage\PubNet.DocsStorage.LocalFileDocsStorage\PubNet.DocsStorage.LocalFileDocsStorage.csproj", "{28D269AB-569B-41CC-BE61-B0EE68060265}"
EndProject
Global
	GlobalSection(SolutionConfigurationPlatforms) = preSolution
		Debug|Any CPU = Debug|Any CPU
		Release|Any CPU = Release|Any CPU
	EndGlobalSection
	GlobalSection(ProjectConfigurationPlatforms) = postSolution
		{A1864A8B-C686-43BF-AD82-DBD5B4560CB6}.Debug|Any CPU.ActiveCfg = Debug|Any CPU
		{A1864A8B-C686-43BF-AD82-DBD5B4560CB6}.Debug|Any CPU.Build.0 = Debug|Any CPU
		{A1864A8B-C686-43BF-AD82-DBD5B4560CB6}.Release|Any CPU.ActiveCfg = Release|Any CPU
		{A1864A8B-C686-43BF-AD82-DBD5B4560CB6}.Release|Any CPU.Build.0 = Release|Any CPU
		{9D192AC4-B6B3-45D0-B3D9-502AA2491ACC}.Debug|Any CPU.ActiveCfg = Debug|Any CPU
		{9D192AC4-B6B3-45D0-B3D9-502AA2491ACC}.Debug|Any CPU.Build.0 = Debug|Any CPU
		{9D192AC4-B6B3-45D0-B3D9-502AA2491ACC}.Release|Any CPU.ActiveCfg = Release|Any CPU
		{9D192AC4-B6B3-45D0-B3D9-502AA2491ACC}.Release|Any CPU.Build.0 = Release|Any CPU
		{D36FD9E5-2FA2-404A-B34C-4C5F96E92BC5}.Debug|Any CPU.ActiveCfg = Debug|Any CPU
		{D36FD9E5-2FA2-404A-B34C-4C5F96E92BC5}.Debug|Any CPU.Build.0 = Debug|Any CPU
		{D36FD9E5-2FA2-404A-B34C-4C5F96E92BC5}.Release|Any CPU.ActiveCfg = Release|Any CPU
		{D36FD9E5-2FA2-404A-B34C-4C5F96E92BC5}.Release|Any CPU.Build.0 = Release|Any CPU
		{A9A94E0D-8A8A-4705-BFE1-9452D6A51B9A}.Debug|Any CPU.ActiveCfg = Debug|Any CPU
		{A9A94E0D-8A8A-4705-BFE1-9452D6A51B9A}.Debug|Any CPU.Build.0 = Debug|Any CPU
		{A9A94E0D-8A8A-4705-BFE1-9452D6A51B9A}.Release|Any CPU.ActiveCfg = Release|Any CPU
		{A9A94E0D-8A8A-4705-BFE1-9452D6A51B9A}.Release|Any CPU.Build.0 = Release|Any CPU
		{DFEE05A5-BCBC-477F-ABAF-E981E6FD699F}.Debug|Any CPU.ActiveCfg = Debug|Any CPU
		{DFEE05A5-BCBC-477F-ABAF-E981E6FD699F}.Debug|Any CPU.Build.0 = Debug|Any CPU
		{DFEE05A5-BCBC-477F-ABAF-E981E6FD699F}.Release|Any CPU.ActiveCfg = Release|Any CPU
		{DFEE05A5-BCBC-477F-ABAF-E981E6FD699F}.Release|Any CPU.Build.0 = Release|Any CPU
		{5D4B2105-AB32-464B-86AC-E9037C088FAE}.Debug|Any CPU.ActiveCfg = Debug|Any CPU
		{5D4B2105-AB32-464B-86AC-E9037C088FAE}.Debug|Any CPU.Build.0 = Debug|Any CPU
		{5D4B2105-AB32-464B-86AC-E9037C088FAE}.Release|Any CPU.ActiveCfg = Release|Any CPU
		{5D4B2105-AB32-464B-86AC-E9037C088FAE}.Release|Any CPU.Build.0 = Release|Any CPU
		{311CF62B-A45D-4847-AC3A-F16E01173BB4}.Debug|Any CPU.ActiveCfg = Debug|Any CPU
		{311CF62B-A45D-4847-AC3A-F16E01173BB4}.Debug|Any CPU.Build.0 = Debug|Any CPU
		{311CF62B-A45D-4847-AC3A-F16E01173BB4}.Release|Any CPU.ActiveCfg = Release|Any CPU
		{311CF62B-A45D-4847-AC3A-F16E01173BB4}.Release|Any CPU.Build.0 = Release|Any CPU
		{ADFBB06D-C19D-4F2B-BAD5-944740A3274F}.Debug|Any CPU.ActiveCfg = Debug|Any CPU
		{ADFBB06D-C19D-4F2B-BAD5-944740A3274F}.Debug|Any CPU.Build.0 = Debug|Any CPU
		{ADFBB06D-C19D-4F2B-BAD5-944740A3274F}.Release|Any CPU.ActiveCfg = Release|Any CPU
		{ADFBB06D-C19D-4F2B-BAD5-944740A3274F}.Release|Any CPU.Build.0 = Release|Any CPU
		{08CE2A29-0441-445D-8860-67015FE42FBE}.Debug|Any CPU.ActiveCfg = Debug|Any CPU
		{08CE2A29-0441-445D-8860-67015FE42FBE}.Debug|Any CPU.Build.0 = Debug|Any CPU
		{08CE2A29-0441-445D-8860-67015FE42FBE}.Release|Any CPU.ActiveCfg = Release|Any CPU
		{08CE2A29-0441-445D-8860-67015FE42FBE}.Release|Any CPU.Build.0 = Release|Any CPU
		{ABA3BFA2-E565-4D5C-8D04-02DA7251955D}.Debug|Any CPU.ActiveCfg = Debug|Any CPU
		{ABA3BFA2-E565-4D5C-8D04-02DA7251955D}.Debug|Any CPU.Build.0 = Debug|Any CPU
		{ABA3BFA2-E565-4D5C-8D04-02DA7251955D}.Release|Any CPU.ActiveCfg = Release|Any CPU
		{ABA3BFA2-E565-4D5C-8D04-02DA7251955D}.Release|Any CPU.Build.0 = Release|Any CPU
		{6A11E633-9FAB-4BD0-86F5-40D5A2992013}.Debug|Any CPU.ActiveCfg = Debug|Any CPU
		{6A11E633-9FAB-4BD0-86F5-40D5A2992013}.Debug|Any CPU.Build.0 = Debug|Any CPU
		{6A11E633-9FAB-4BD0-86F5-40D5A2992013}.Release|Any CPU.ActiveCfg = Release|Any CPU
		{6A11E633-9FAB-4BD0-86F5-40D5A2992013}.Release|Any CPU.Build.0 = Release|Any CPU
		{C0E4925C-25CB-40B0-BD92-1991B4C2443F}.Debug|Any CPU.ActiveCfg = Debug|Any CPU
		{C0E4925C-25CB-40B0-BD92-1991B4C2443F}.Debug|Any CPU.Build.0 = Debug|Any CPU
		{C0E4925C-25CB-40B0-BD92-1991B4C2443F}.Release|Any CPU.ActiveCfg = Release|Any CPU
		{C0E4925C-25CB-40B0-BD92-1991B4C2443F}.Release|Any CPU.Build.0 = Release|Any CPU
		{78BD340F-AB22-4C80-AD42-853B511CA473}.Debug|Any CPU.ActiveCfg = Debug|Any CPU
		{78BD340F-AB22-4C80-AD42-853B511CA473}.Debug|Any CPU.Build.0 = Debug|Any CPU
		{78BD340F-AB22-4C80-AD42-853B511CA473}.Release|Any CPU.ActiveCfg = Release|Any CPU
		{78BD340F-AB22-4C80-AD42-853B511CA473}.Release|Any CPU.Build.0 = Release|Any CPU
		{28D269AB-569B-41CC-BE61-B0EE68060265}.Debug|Any CPU.ActiveCfg = Debug|Any CPU
		{28D269AB-569B-41CC-BE61-B0EE68060265}.Debug|Any CPU.Build.0 = Debug|Any CPU
		{28D269AB-569B-41CC-BE61-B0EE68060265}.Release|Any CPU.ActiveCfg = Release|Any CPU
		{28D269AB-569B-41CC-BE61-B0EE68060265}.Release|Any CPU.Build.0 = Release|Any CPU
	EndGlobalSection
	GlobalSection(NestedProjects) = preSolution
		{3F19FB91-8783-40D7-8DD3-26BA3B4AE59A} = {6F717FC7-42F0-42E9-B731-D0443E2099C3}
		{A9A94E0D-8A8A-4705-BFE1-9452D6A51B9A} = {04EF0EA2-B6ED-4111-8589-EE79FA51EF60}
		{9D192AC4-B6B3-45D0-B3D9-502AA2491ACC} = {22C7D5EC-2CE9-439A-B3DA-36A922CD2848}
		{A1864A8B-C686-43BF-AD82-DBD5B4560CB6} = {5499F184-A74F-4D6D-9BA8-4CBC02A109F8}
		{D36FD9E5-2FA2-404A-B34C-4C5F96E92BC5} = {FBB066E9-FB52-4AA7-8D4C-B796063DC723}
		{DFEE05A5-BCBC-477F-ABAF-E981E6FD699F} = {40C90995-E0FF-4940-B1AA-B3C28281ED6B}
		{5D4B2105-AB32-464B-86AC-E9037C088FAE} = {40C90995-E0FF-4940-B1AA-B3C28281ED6B}
		{311CF62B-A45D-4847-AC3A-F16E01173BB4} = {220607FD-DB85-479B-9949-566CC8AF3ABD}
		{ADFBB06D-C19D-4F2B-BAD5-944740A3274F} = {04EF0EA2-B6ED-4111-8589-EE79FA51EF60}
		{08CE2A29-0441-445D-8860-67015FE42FBE} = {220607FD-DB85-479B-9949-566CC8AF3ABD}
		{ABA3BFA2-E565-4D5C-8D04-02DA7251955D} = {220607FD-DB85-479B-9949-566CC8AF3ABD}
		{6A11E633-9FAB-4BD0-86F5-40D5A2992013} = {220607FD-DB85-479B-9949-566CC8AF3ABD}
		{C0E4925C-25CB-40B0-BD92-1991B4C2443F} = {220607FD-DB85-479B-9949-566CC8AF3ABD}
		{78BD340F-AB22-4C80-AD42-853B511CA473} = {220607FD-DB85-479B-9949-566CC8AF3ABD}
		{28D269AB-569B-41CC-BE61-B0EE68060265} = {220607FD-DB85-479B-9949-566CC8AF3ABD}
	EndGlobalSection
EndGlobal
