{
  "version": 2,
  "dependencies": {
    "net9.0": {
      "Microsoft.Kiota.Abstractions": {
        "type": "Direct",
        "requested": "[1.16.1, )",
        "resolved": "1.16.1",
        "contentHash": "GJmceZyMhgXJX4MFF0k5pmLKh0Dxuvbi9Kl3t0hQl70uJzLncGMQNewFp95QGYS9qRL0u4ib2bxP6H+ZDmtKSA==",
        "dependencies": {
          "Std.UriTemplate": "2.0.1"
        }
      },
      "Microsoft.Kiota.Http.HttpClientLibrary": {
        "type": "Direct",
        "requested": "[1.16.1, )",
        "resolved": "1.16.1",
        "contentHash": "TO/Nf2FTdrJdg1XsROvfrOvN0APkSROmXfWQNyyEmyDOxdMWBMKt0c8LtBhnxR23moVNesDT/x9F8Ceeyle99w==",
        "dependencies": {
          "Microsoft.Kiota.Abstractions": "1.16.1"
        }
      },
      "Microsoft.Kiota.Serialization.Form": {
        "type": "Direct",
        "requested": "[1.16.1, )",
        "resolved": "1.16.1",
        "contentHash": "hNWePWwA/Kj5ne/de90Krv3XigXBi4SZ8rtEoYQRmawtJT9hVwh8UMR1TXhHKfVRblN6NflehKJVrXNDNe+53Q==",
        "dependencies": {
          "Microsoft.Kiota.Abstractions": "1.16.1"
        }
      },
      "Microsoft.Kiota.Serialization.Json": {
        "type": "Direct",
        "requested": "[1.16.1, )",
        "resolved": "1.16.1",
        "contentHash": "U3En77LexFV5iZOJH6EUdatJwEEoFNAPNvC7ytGDfANg+jyNq0i9ni11BNeJehQ+y11GyVSK+4fbSmxTANrC0w==",
        "dependencies": {
          "Microsoft.Kiota.Abstractions": "1.16.1"
        }
      },
      "Microsoft.Kiota.Serialization.Multipart": {
        "type": "Direct",
        "requested": "[1.16.1, )",
        "resolved": "1.16.1",
        "contentHash": "J1lwbuD+RuRc1fy0ENEfs8BKpiqK34ymj5O3ow2HsgWMiBvUJNHC1+BOpr3X3eOgqAXkar+nhplDdikR9U0WMQ==",
        "dependencies": {
          "Microsoft.Kiota.Abstractions": "1.16.1"
        }
      },
      "Microsoft.Kiota.Serialization.Text": {
        "type": "Direct",
        "requested": "[1.16.1, )",
        "resolved": "1.16.1",
        "contentHash": "UdZGWU1isExkXYAzm3ANfeze/L1R4RjYEEm5pumnVqIcMgshcr7aNBw6ko885y56oZtK4v2m2S34LTI/JQMlCQ==",
        "dependencies": {
          "Microsoft.Kiota.Abstractions": "1.16.1"
        }
      },
      "Microsoft.NET.ILLink.Tasks": {
        "type": "Direct",
        "requested": "[8.0.12, )",
        "resolved": "8.0.12",
        "contentHash": "FV4HnQ3JI15PHnJ5PGTbz+rYvrih42oLi/7UMIshNwCwUZhTq13UzrggtXk4ygrcMcN+4jsS6hhshx2p/Zd0ig=="
      },
      "System.Text.Encodings.Web": {
        "type": "Direct",
        "requested": "[9.0.0, )",
        "resolved": "9.0.0",
        "contentHash": "e2hMgAErLbKyUUwt18qSBf9T5Y+SFAL3ZedM8fLupkVj8Rj2PZ9oxQ37XX2LF8fTO1wNIxvKpihD7Of7D/NxZw=="
      },
      "Std.UriTemplate": {
        "type": "Transitive",
        "resolved": "2.0.1",
        "contentHash": "Ix5VXZwLfolwVHyGTSSJl6KIJ2le6E9YjLdZBMS1Xxzw7VJankRvQW8JoUL69tEgfcw+0qjgWrlxANrhvS0QCQ=="
      }
    }
  }
}