{
  "version": 2,
  "dependencies": {
    "net9.0": {
      "DartLang.PubSpec.Serialization.Yaml": {
        "type": "Direct",
        "requested": "[3.0.1, )",
        "resolved": "3.0.1",
        "contentHash": "G7F/+Br+hLIynbQNuB1X6rs19yBritX5XDZ5cAJJC51syd2xs6s10yfgnePslCapPfgJNK6mhXjukEL7G5hntA==",
        "dependencies": {
          "DartLang.PubSpec": "3.0.1",
          "YamlDotNet": "16.1.3"
        }
      },
      "Microsoft.Extensions.Identity.Core": {
        "type": "Direct",
        "requested": "[9.0.0, )",
        "resolved": "9.0.0",
        "contentHash": "+cQjUs8PIheIMALzrf/e4gW6A/yOK8XYBxeEmAfLvVIaV9lsBGvVT0zjEZ1KPQDJ9nUeQ9uAw077J7LPUwv8wA==",
        "dependencies": {
          "Microsoft.AspNetCore.Cryptography.KeyDerivation": "9.0.0",
          "Microsoft.Extensions.Logging": "9.0.0",
          "Microsoft.Extensions.Options": "9.0.0"
        }
      },
      "Microsoft.NET.ILLink.Tasks": {
        "type": "Direct",
        "requested": "[8.0.12, )",
        "resolved": "8.0.12",
        "contentHash": "FV4HnQ3JI15PHnJ5PGTbz+rYvrih42oLi/7UMIshNwCwUZhTq13UzrggtXk4ygrcMcN+4jsS6hhshx2p/Zd0ig=="
      },
      "Semver": {
        "type": "Direct",
        "requested": "[3.0.0, )",
        "resolved": "3.0.0",
        "contentHash": "9jZCicsVgTebqkAujRWtC9J1A5EQVlu0TVKHcgoCuv345ve5DYf4D1MjhKEnQjdRZo6x/vdv6QQrYFs7ilGzLA==",
        "dependencies": {
          "Microsoft.Extensions.Primitives": "5.0.1"
        }
      },
      "SharpCompress": {
        "type": "Direct",
        "requested": "[0.38.0, )",
        "resolved": "0.38.0",
        "contentHash": "8i6KqjAFI3mvya8W8rnQrf5h4vz6ilw4zqk2AzInVqqqZ25TD6fmVeYBnlisjTWwP26eltZc0buSmJ8a3YIGxg==",
        "dependencies": {
          "ZstdSharp.Port": "0.8.1"
        }
      },
      "System.IdentityModel.Tokens.Jwt": {
        "type": "Direct",
        "requested": "[8.3.0, )",
        "resolved": "8.3.0",
        "contentHash": "9GESpDG0Zb17HD5mBW/uEWi2yz/uKPmCthX2UhyLnk42moGH2FpMgXA2Y4l2Qc7P75eXSUTA6wb/c9D9GSVkzw==",
        "dependencies": {
          "Microsoft.IdentityModel.JsonWebTokens": "8.3.0",
          "Microsoft.IdentityModel.Tokens": "8.3.0"
        }
      },
      "System.Text.Encodings.Web": {
        "type": "Direct",
        "requested": "[9.0.0, )",
        "resolved": "9.0.0",
        "contentHash": "e2hMgAErLbKyUUwt18qSBf9T5Y+SFAL3ZedM8fLupkVj8Rj2PZ9oxQ37XX2LF8fTO1wNIxvKpihD7Of7D/NxZw=="
      },
      "Wangkanai.Detection": {
        "type": "Direct",
        "requested": "[8.14.0, )",
        "resolved": "8.14.0",
        "contentHash": "wwsSQrm0FFnlnxgsAUjWA5ersoQSQefUN1wVSAN2s5S3T5UDTkW6DJ5/75fYzjcheUWuKK8wxEdycSZ2EkdIfQ==",
        "dependencies": {
          "Microsoft.SourceLink.GitHub": "8.0.0",
          "Wangkanai.Hosting": "3.2.0",
          "Wangkanai.System": "5.0.0"
        }
      },
      "DartLang.PubSpec": {
        "type": "Transitive",
        "resolved": "3.0.1",
        "contentHash": "Y5HeHxmwXPO2JL0XMDV7XPQC2B7MQ3Qyr2qyQmo4DvkCU1hXb+HDEy5RmcInmtIfP7oCVWmbMk+ONDmG5hF+Xw==",
        "dependencies": {
          "Semver": "3.0.0"
        }
      },
      "Microsoft.AspNetCore.Cryptography.Internal": {
        "type": "Transitive",
        "resolved": "9.0.0",
        "contentHash": "M1dzTEl+2+RqT4vWcqEpWasPXHd58wC93U7QMlmPSmx+qixyVxCQjZ183wr7Wa68b4pF7wC501MU9rdA0ZNhMg=="
      },
      "Microsoft.AspNetCore.Cryptography.KeyDerivation": {
        "type": "Transitive",
        "resolved": "9.0.0",
        "contentHash": "9X4cx2IHNpYb9ka984BjDpJnKkindW17Z2kR/RI5pbTcbVUVMJjiAKnBhAqH24KtAEf1AU64LD60byzCn0/n8w==",
        "dependencies": {
          "Microsoft.AspNetCore.Cryptography.Internal": "9.0.0"
        }
      },
      "Microsoft.Build.Tasks.Git": {
        "type": "Transitive",
        "resolved": "8.0.0",
        "contentHash": "bZKfSIKJRXLTuSzLudMFte/8CempWjVamNUR5eHJizsy+iuOuO/k2gnh7W0dHJmYY0tBf+gUErfluCv5mySAOQ=="
      },
      "Microsoft.EntityFrameworkCore.Abstractions": {
        "type": "Transitive",
        "resolved": "9.0.0",
        "contentHash": "fnmifFL8KaA4ZNLCVgfjCWhZUFxkrDInx5hR4qG7Q8IEaSiy/6VOSRFyx55oH7MV4y7wM3J3EE90nSpcVBI44Q=="
      },
      "Microsoft.EntityFrameworkCore.Analyzers": {
        "type": "Transitive",
        "resolved": "9.0.0",
        "contentHash": "Qje+DzXJOKiXF72SL0XxNlDtTkvWWvmwknuZtFahY5hIQpRKO59qnGuERIQ3qlzuq5x4bAJ8WMbgU5DLhBgeOQ=="
      },
      "Microsoft.Extensions.Caching.Abstractions": {
        "type": "Transitive",
        "resolved": "9.0.0",
        "contentHash": "FPWZAa9c0H4dvOj351iR1jkUIs4u9ykL4Bm592yhjDyO5lCoWd+TMAHx2EMbarzUvCvgjWjJIoC6//Q9kH6YhA==",
        "dependencies": {
          "Microsoft.Extensions.Primitives": "9.0.0"
        }
      },
      "Microsoft.Extensions.Caching.Memory": {
        "type": "Transitive",
        "resolved": "9.0.0",
        "contentHash": "zbnPX/JQ0pETRSUG9fNPBvpIq42Aufvs15gGYyNIMhCun9yhmWihz0WgsI7bSDPjxWTKBf8oX/zv6v2uZ3W9OQ==",
        "dependencies": {
          "Microsoft.Extensions.Caching.Abstractions": "9.0.0",
          "Microsoft.Extensions.DependencyInjection.Abstractions": "9.0.0",
          "Microsoft.Extensions.Logging.Abstractions": "9.0.0",
          "Microsoft.Extensions.Options": "9.0.0",
          "Microsoft.Extensions.Primitives": "9.0.0"
        }
      },
      "Microsoft.Extensions.DependencyInjection": {
        "type": "Transitive",
        "resolved": "9.0.0",
        "contentHash": "MCPrg7v3QgNMr0vX4vzRXvkNGgLg8vKWX0nKCWUxu2uPyMsaRgiRc1tHBnbTcfJMhMKj2slE/j2M9oGkd25DNw==",
        "dependencies": {
          "Microsoft.Extensions.DependencyInjection.Abstractions": "9.0.0"
        }
      },
      "Microsoft.Extensions.Logging": {
        "type": "Transitive",
        "resolved": "9.0.0",
        "contentHash": "crjWyORoug0kK7RSNJBTeSE6VX8IQgLf3nUpTB9m62bPXp/tzbnOsnbe8TXEG0AASNaKZddnpHKw7fET8E++Pg==",
        "dependencies": {
          "Microsoft.Extensions.DependencyInjection": "9.0.0",
          "Microsoft.Extensions.Logging.Abstractions": "9.0.0",
          "Microsoft.Extensions.Options": "9.0.0"
        }
      },
      "Microsoft.Extensions.Options": {
        "type": "Transitive",
        "resolved": "9.0.0",
        "contentHash": "y2146b3jrPI3Q0lokKXdKLpmXqakYbDIPDV6r3M8SqvSf45WwOTzkyfDpxnZXJsJQEpAsAqjUq5Pu8RCJMjubg==",
        "dependencies": {
          "Microsoft.Extensions.DependencyInjection.Abstractions": "9.0.0",
          "Microsoft.Extensions.Primitives": "9.0.0"
        }
      },
      "Microsoft.Extensions.Primitives": {
        "type": "Transitive",
        "resolved": "9.0.0",
        "contentHash": "N3qEBzmLMYiASUlKxxFIISP4AiwuPTHF5uCh+2CWSwwzAJiIYx0kBJsS30cp1nvhSySFAVi30jecD307jV+8Kg=="
      },
      "Microsoft.IdentityModel.Abstractions": {
        "type": "Transitive",
        "resolved": "8.3.0",
        "contentHash": "jNin7yvWZu+K3U24q+6kD+LmGSRfbkHl9Px8hN1XrGwq6ZHgKGi/zuTm5m08G27fwqKfVXIWuIcUeq4Y1VQUOg=="
      },
      "Microsoft.IdentityModel.JsonWebTokens": {
        "type": "Transitive",
        "resolved": "8.3.0",
        "contentHash": "4SVXLT8sDG7CrHiszEBrsDYi+aDW0W9d+fuWUGdZPBdan56aM6fGXJDjbI0TVGEDjJhXbACQd8F/BnC7a+m2RQ==",
        "dependencies": {
          "Microsoft.IdentityModel.Tokens": "8.3.0"
        }
      },
      "Microsoft.IdentityModel.Logging": {
        "type": "Transitive",
        "resolved": "8.3.0",
        "contentHash": "4w4pSIGHhCCLTHqtVNR2Cc/zbDIUWIBHTZCu/9ZHm2SVwrXY3RJMcZ7EFGiKqmKZMQZJzA0bpwCZ6R8Yb7i5VQ==",
        "dependencies": {
          "Microsoft.IdentityModel.Abstractions": "8.3.0"
        }
      },
      "Microsoft.IdentityModel.Tokens": {
        "type": "Transitive",
        "resolved": "8.3.0",
        "contentHash": "yGzqmk+kInH50zeSEH/L1/J0G4/yqTQNq4YmdzOhpE7s/86tz37NS2YbbY2ievbyGjmeBI1mq26QH+yBR6AK3Q==",
        "dependencies": {
          "Microsoft.IdentityModel.Logging": "8.3.0"
        }
      },
      "Microsoft.SourceLink.Common": {
        "type": "Transitive",
        "resolved": "8.0.0",
        "contentHash": "dk9JPxTCIevS75HyEQ0E4OVAFhB2N+V9ShCXf8Q6FkUQZDkgLI12y679Nym1YqsiSysuQskT7Z+6nUf3yab6Vw=="
      },
      "Microsoft.SourceLink.GitHub": {
        "type": "Transitive",
        "resolved": "8.0.0",
        "contentHash": "G5q7OqtwIyGTkeIOAc3u2ZuV/kicQaec5EaRnc0pIeSnh9LUjj+PYQrJYBURvDt7twGl2PKA7nSN0kz1Zw5bnQ==",
        "dependencies": {
          "Microsoft.Build.Tasks.Git": "8.0.0",
          "Microsoft.SourceLink.Common": "8.0.0"
        }
      },
      "Newtonsoft.Json": {
        "type": "Transitive",
        "resolved": "13.0.3",
        "contentHash": "HrC5BXdl00IP9zeV+0Z848QWPAoCr9P3bDEZguI+gkLcBKAOxix/tLEAAHC+UvDNPv4a2d18lOReHMOagPa+zQ=="
      },
      "Npgsql": {
        "type": "Transitive",
        "resolved": "9.0.2",
        "contentHash": "hCbO8box7i/XXiTFqCJ3GoowyLqx3JXxyrbOJ6om7dr+eAknvBNhhUHeJVGAQo44sySZTfdVffp4BrtPeLZOAA==",
        "dependencies": {
          "Microsoft.Extensions.Logging.Abstractions": "8.0.2"
        }
      },
      "NuGet.Common": {
        "type": "Transitive",
        "resolved": "6.12.1",
        "contentHash": "nk8nTdhQl4x2VaAQUvefI7DDYAuBDlE+OZZRffm50Qx5dUAEq8wkc5JIqrN2lTEohObHPI/SXyG2UFdMQkrdyg==",
        "dependencies": {
          "NuGet.Frameworks": "6.12.1"
        }
      },
      "NuGet.Configuration": {
        "type": "Transitive",
        "resolved": "6.12.1",
        "contentHash": "IRwlY1379ZgJ0oEJvjD+lDuOhJ5S1fsU5n/bEC5/i0+N9bo2WIMDAdaQ/qIdyK/gMJ/YWS+++GSX6rN7luqEvg==",
        "dependencies": {
          "NuGet.Common": "6.12.1",
          "System.Security.Cryptography.ProtectedData": "4.4.0"
        }
      },
      "NuGet.Frameworks": {
        "type": "Transitive",
        "resolved": "6.12.1",
        "contentHash": "kPaRD5RJC0ByUg+yGX6bDz5XHMI7OYmQwP8kbtef+vZ+csj/VDb5Bwas4ChxwhoAbI8lEvwP5/3aViQPpgNBow=="
      },
      "NuGet.Versioning": {
        "type": "Transitive",
        "resolved": "6.12.1",
        "contentHash": "fJ6rFYANDnohFsdpaY79FvrJxI6murmoOxXz6nZlf819F48+IBKMnAIg3oIBRtZq5y498ObMtKnro5IitvizUg=="
      },
      "System.Formats.Asn1": {
        "type": "Transitive",
        "resolved": "8.0.1",
        "contentHash": "XqKba7Mm/koKSjKMfW82olQdmfbI5yqeoLV/tidRp7fbh5rmHAQ5raDI/7SU0swTzv+jgqtUGkzmFxuUg0it1A=="
      },
      "System.Security.Cryptography.Pkcs": {
        "type": "Transitive",
        "resolved": "6.0.4",
        "contentHash": "LGbXi1oUJ9QgCNGXRO9ndzBL/GZgANcsURpMhNR8uO+rca47SZmciS3RSQUvlQRwK3QHZSHNOXzoMUASKA+Anw==",
        "dependencies": {
          "System.Formats.Asn1": "6.0.0"
        }
      },
      "System.Security.Cryptography.ProtectedData": {
        "type": "Transitive",
        "resolved": "4.4.0",
        "contentHash": "cJV7ScGW7EhatRsjehfvvYVBvtiSMKgN8bOVI0bQhnF5bU7vnHVIsH49Kva7i7GWaWYvmEzkYVk1TC+gZYBEog=="
      },
      "Wangkanai.Hosting": {
        "type": "Transitive",
        "resolved": "3.2.0",
        "contentHash": "beeZI1Qy+VkEiDIQZdfhQiM+npFIlKeDX+a8Fyf09JbTb710o64G31iH432C4xRttZcezbNEf3jkE54X1FXzVg==",
        "dependencies": {
          "Microsoft.SourceLink.GitHub": "8.0.0",
          "Wangkanai.System": "5.0.0"
        }
      },
      "Wangkanai.System": {
        "type": "Transitive",
        "resolved": "5.0.0",
        "contentHash": "zMzNXq6Ao0vtO4NrzOHqK8OMg0VOL1xTqsCeagyLVdr5k3HNs6ZDsvGBbzNPko7h/T1Q5yIXIP1TcB8xOg/pNA==",
        "dependencies": {
          "Microsoft.SourceLink.GitHub": "8.0.0"
        }
      },
      "YamlDotNet": {
        "type": "Transitive",
        "resolved": "16.1.3",
        "contentHash": "gtHGiDvU9VTtWte8f0thIM38cL1oowOjStKpeAEKKfA+Rc4AvekJzqFDZiiPcc4kw00ZiwR4OTJS56L16q98DQ=="
      },
      "ZstdSharp.Port": {
        "type": "Transitive",
        "resolved": "0.8.1",
        "contentHash": "19tNz33kn2EkyViFXuxfVn338UJaRmkwBphVqP2dVJIYQUQgFrgG5h061mxkRRg1Ax6r+6WOj1FxaFZ5qaWqqg=="
      },
      "pubnet.api.abstractions": {
        "type": "Project",
        "dependencies": {
          "Microsoft.Extensions.FileProviders.Abstractions": "[9.0.0, )",
          "PubNet.API.DTO": "[1.0.0, )",
          "PubNet.Auth": "[1.0.0, )",
          "PubNet.Database.Entities": "[1.0.0, )",
          "PubNet.DocsStorage.Abstractions": "[1.0.0, )",
          "Semver": "[3.0.0, )"
        }
      },
      "pubnet.api.dto": {
        "type": "Project",
        "dependencies": {
          "PubNet.Auth": "[1.0.0, )",
          "PubNet.Database.Entities": "[1.0.0, )",
          "Riok.Mapperly": "[4.1.1, )"
        }
      },
      "pubnet.auth": {
        "type": "Project",
        "dependencies": {
          "Microsoft.Extensions.Configuration.Abstractions": "[9.0.0, )",
          "Microsoft.Extensions.Logging.Abstractions": "[9.0.0, )",
          "Vogen": "[6.0.0, )"
        }
      },
      "pubnet.blobstorage.abstractions": {
        "type": "Project"
      },
      "pubnet.blobstorage.extensions": {
        "type": "Project",
        "dependencies": {
          "PubNet.BlobStorage.Abstractions": "[1.0.0, )"
        }
      },
      "pubnet.database.context": {
        "type": "Project",
        "dependencies": {
          "Microsoft.EntityFrameworkCore": "[9.0.0, )",
          "Npgsql.EntityFrameworkCore.PostgreSQL": "[9.0.2, )",
          "PubNet.Database.Entities": "[1.0.0, )"
        }
      },
      "pubnet.database.entities": {
        "type": "Project",
        "dependencies": {
          "DartLang.PubSpec.Serialization.Json": "[3.0.1, )",
          "Microsoft.EntityFrameworkCore": "[9.0.0, )",
          "Microsoft.EntityFrameworkCore.Relational": "[9.0.0, )",
          "NuGet.Packaging": "[6.12.1, )",
          "PubNet.Auth": "[1.0.0, )"
        }
      },
      "pubnet.docsstorage.abstractions": {
        "type": "Project",
        "dependencies": {
          "Microsoft.Extensions.FileProviders.Abstractions": "[9.0.0, )"
        }
      },
      "pubnet.packagestorage.abstractions": {
        "type": "Project",
        "dependencies": {
          "Microsoft.Extensions.DependencyInjection.Abstractions": "[9.0.0, )"
        }
      },
      "DartLang.PubSpec.Serialization.Json": {
        "type": "CentralTransitive",
        "requested": "[3.0.1, )",
        "resolved": "3.0.1",
        "contentHash": "IWB9WQiXRQmcq/aTIkOBF7QOkdZDoWMw7ijeny2ZQK0PVnnGKc9yvo0obMYmeFzYiRdToiY/EUvmVj7kjvEMtw==",
        "dependencies": {
          "DartLang.PubSpec": "3.0.1",
          "Semver": "3.0.0"
        }
      },
      "Microsoft.EntityFrameworkCore": {
        "type": "CentralTransitive",
        "requested": "[9.0.0, )",
        "resolved": "9.0.0",
        "contentHash": "wpG+nfnfDAw87R3ovAsUmjr3MZ4tYXf6bFqEPVAIKE6IfPml3DS//iX0DBnf8kWn5ZHSO5oi1m4d/Jf+1LifJQ==",
        "dependencies": {
          "Microsoft.EntityFrameworkCore.Abstractions": "9.0.0",
          "Microsoft.EntityFrameworkCore.Analyzers": "9.0.0",
          "Microsoft.Extensions.Caching.Memory": "9.0.0",
          "Microsoft.Extensions.Logging": "9.0.0"
        }
      },
      "Microsoft.EntityFrameworkCore.Relational": {
        "type": "CentralTransitive",
        "requested": "[9.0.0, )",
        "resolved": "9.0.0",
        "contentHash": "j+msw6fWgAE9M3Q/5B9Uhv7pdAdAQUvFPJAiBJmoy+OXvehVbfbCE8ftMAa51Uo2ZeiqVnHShhnv4Y4UJJmUzA==",
        "dependencies": {
          "Microsoft.EntityFrameworkCore": "9.0.0",
          "Microsoft.Extensions.Caching.Memory": "9.0.0",
          "Microsoft.Extensions.Configuration.Abstractions": "9.0.0",
          "Microsoft.Extensions.Logging": "9.0.0"
        }
      },
      "Microsoft.Extensions.Configuration.Abstractions": {
        "type": "CentralTransitive",
        "requested": "[9.0.0, )",
        "resolved": "9.0.0",
        "contentHash": "lqvd7W3FGKUO1+ZoUEMaZ5XDJeWvjpy2/M/ptCGz3tXLD4HWVaSzjufsAsjemasBEg+2SxXVtYVvGt5r2nKDlg==",
        "dependencies": {
          "Microsoft.Extensions.Primitives": "9.0.0"
        }
      },
      "Microsoft.Extensions.DependencyInjection.Abstractions": {
        "type": "CentralTransitive",
        "requested": "[9.0.0, )",
        "resolved": "9.0.0",
        "contentHash": "+6f2qv2a3dLwd5w6JanPIPs47CxRbnk+ZocMJUhv9NxP88VlOcJYZs9jY+MYSjxvady08bUZn6qgiNh7DadGgg=="
      },
      "Microsoft.Extensions.FileProviders.Abstractions": {
        "type": "CentralTransitive",
        "requested": "[9.0.0, )",
        "resolved": "9.0.0",
        "contentHash": "uK439QzYR0q2emLVtYzwyK3x+T5bTY4yWsd/k/ZUS9LR6Sflp8MIdhGXW8kQCd86dQD4tLqvcbLkku8qHY263Q==",
        "dependencies": {
          "Microsoft.Extensions.Primitives": "9.0.0"
        }
      },
      "Microsoft.Extensions.Logging.Abstractions": {
        "type": "CentralTransitive",
        "requested": "[9.0.0, )",
        "resolved": "9.0.0",
        "contentHash": "g0UfujELzlLbHoVG8kPKVBaW470Ewi+jnptGS9KUi6jcb+k2StujtK3m26DFSGGwQ/+bVgZfsWqNzlP6YOejvw==",
        "dependencies": {
          "Microsoft.Extensions.DependencyInjection.Abstractions": "9.0.0"
        }
      },
      "Npgsql.EntityFrameworkCore.PostgreSQL": {
        "type": "CentralTransitive",
        "requested": "[9.0.2, )",
        "resolved": "9.0.2",
        "contentHash": "cYdOGplIvr9KgsG8nJ8xnzBTImeircbgetlzS1OmepS5dAQW6PuGpVrLOKBNEwEvGYZPsV8037X5vZ/Dmpwz7Q==",
        "dependencies": {
          "Microsoft.EntityFrameworkCore": "[9.0.0, 10.0.0)",
          "Microsoft.EntityFrameworkCore.Relational": "[9.0.0, 10.0.0)",
          "Npgsql": "9.0.2"
        }
      },
      "NuGet.Packaging": {
        "type": "CentralTransitive",
        "requested": "[6.12.1, )",
        "resolved": "6.12.1",
        "contentHash": "6s5NO3VNX6fIx6GwuWZtIsal9W1xkelYd3Vg2KUAg1zGqnKC3wB5IZlombvVGVGcwyl/A+iDvpUwSvgeDoB3wA==",
        "dependencies": {
          "Newtonsoft.Json": "13.0.3",
          "NuGet.Configuration": "6.12.1",
          "NuGet.Versioning": "6.12.1",
          "System.Formats.Asn1": "8.0.1",
          "System.Security.Cryptography.Pkcs": "6.0.4"
        }
      },
      "Riok.Mapperly": {
        "type": "CentralTransitive",
        "requested": "[4.1.1, )",
        "resolved": "4.1.1",
        "contentHash": "SnLiZuBw4d/yMoyM//Qdz9N5pPNx+LZxOMSb9rk3Xdd3CZ9WTlw6vVF1mwD1Y/g+sMgB96j8V58go7lJOFNTng=="
      },
      "Vogen": {
        "type": "CentralTransitive",
        "requested": "[6.0.0, )",
        "resolved": "6.0.0",
        "contentHash": "HDeCgFmyu9IgM40AWOvB0ieuoLVHSYE4EN6uQNv7bVkUnaZnn6GeGDMIb/zvfOJbtyIEn411eQ8g+iIrzCM4ng=="
      }
    }
  }
}