{
  "version": 2,
  "dependencies": {
    "net9.0": {
      "Microsoft.Extensions.FileProviders.Abstractions": {
        "type": "Direct",
        "requested": "[9.0.0, )",
        "resolved": "9.0.0",
        "contentHash": "uK439QzYR0q2emLVtYzwyK3x+T5bTY4yWsd/k/ZUS9LR6Sflp8MIdhGXW8kQCd86dQD4tLqvcbLkku8qHY263Q==",
        "dependencies": {
          "Microsoft.Extensions.Primitives": "9.0.0"
        }
      },
      "Microsoft.NET.ILLink.Tasks": {
        "type": "Direct",
        "requested": "[8.0.12, )",
        "resolved": "8.0.12",
        "contentHash": "FV4HnQ3JI15PHnJ5PGTbz+rYvrih42oLi/7UMIshNwCwUZhTq13UzrggtXk4ygrcMcN+4jsS6hhshx2p/Zd0ig=="
      },
      "Semver": {
        "type": "Direct",
        "requested": "[3.0.0, )",
        "resolved": "3.0.0",
        "contentHash": "9jZCicsVgTebqkAujRWtC9J1A5EQVlu0TVKHcgoCuv345ve5DYf4D1MjhKEnQjdRZo6x/vdv6QQrYFs7ilGzLA==",
        "dependencies": {
          "Microsoft.Extensions.Primitives": "5.0.1"
        }
      },
      "System.Text.Encodings.Web": {
        "type": "Direct",
        "requested": "[9.0.0, )",
        "resolved": "9.0.0",
        "contentHash": "e2hMgAErLbKyUUwt18qSBf9T5Y+SFAL3ZedM8fLupkVj8Rj2PZ9oxQ37XX2LF8fTO1wNIxvKpihD7Of7D/NxZw=="
      },
      "DartLang.PubSpec": {
        "type": "Transitive",
        "resolved": "3.0.1",
        "contentHash": "Y5HeHxmwXPO2JL0XMDV7XPQC2B7MQ3Qyr2qyQmo4DvkCU1hXb+HDEy5RmcInmtIfP7oCVWmbMk+ONDmG5hF+Xw==",
        "dependencies": {
          "Semver": "3.0.0"
        }
      },
      "Microsoft.EntityFrameworkCore.Abstractions": {
        "type": "Transitive",
        "resolved": "9.0.0-rc.2.24474.1",
        "contentHash": "miz6e1KslVmzyAp6GzDfwpZYlhIsl6xmP34FLVGOyJb8DiB7XEHUhWwDnM0WscPwP4Dj8Y+CP0qetLETGYSS2Q=="
      },
      "Microsoft.EntityFrameworkCore.Analyzers": {
        "type": "Transitive",
        "resolved": "9.0.0-rc.2.24474.1",
        "contentHash": "nEy8VloXIATmnZNbBpXMFn85vQ69UIskefPRuQ4Ns7H5Qqn8hILrERjYjW7XEhAcMBkAOXwSBDhoJHROOBStPA=="
      },
      "Microsoft.Extensions.Caching.Abstractions": {
        "type": "Transitive",
        "resolved": "9.0.0-rc.2.24473.5",
        "contentHash": "7HrtHGMfGtyDZaDoM+gODjbljBHhTBCGyvzVlDNoN8jHfwkN/aqNcPE7ulLyU/zwannCVVrYteK2UMMoGjDOJQ==",
        "dependencies": {
          "Microsoft.Extensions.Primitives": "9.0.0-rc.2.24473.5"
        }
      },
      "Microsoft.Extensions.Caching.Memory": {
        "type": "Transitive",
        "resolved": "9.0.0-rc.2.24473.5",
        "contentHash": "4lkpVHDX4Twm/1cO8e2HZ8KPaU/y+XsaONqxWls0Le2v3psp2AZmHDKju7UtGQR6BUFdN3aADsguUz+fgMWO5g==",
        "dependencies": {
          "Microsoft.Extensions.Caching.Abstractions": "9.0.0-rc.2.24473.5",
          "Microsoft.Extensions.DependencyInjection.Abstractions": "9.0.0-rc.2.24473.5",
          "Microsoft.Extensions.Logging.Abstractions": "9.0.0-rc.2.24473.5",
          "Microsoft.Extensions.Options": "9.0.0-rc.2.24473.5",
          "Microsoft.Extensions.Primitives": "9.0.0-rc.2.24473.5"
        }
      },
      "Microsoft.Extensions.DependencyInjection": {
        "type": "Transitive",
        "resolved": "9.0.0-rc.2.24473.5",
        "contentHash": "FHb7uxiX/08FBBtwat7fiBdQltxst1Farux6Ifn1dfke+D8h1rcDj1ZbKzNB9SvLh1XmEXNYmoWGkTjt1mVzXg==",
        "dependencies": {
          "Microsoft.Extensions.DependencyInjection.Abstractions": "9.0.0-rc.2.24473.5"
        }
      },
      "Microsoft.Extensions.Logging": {
        "type": "Transitive",
        "resolved": "9.0.0-rc.2.24473.5",
        "contentHash": "FZe8VCCAkkDOyek1ZlMmakDJNkA+cojDLpTtl5Pm4H5MdWS6WWGSfoDi++V1XiDUympTJ/S0iItSxfFf/M5e6w==",
        "dependencies": {
          "Microsoft.Extensions.DependencyInjection": "9.0.0-rc.2.24473.5",
          "Microsoft.Extensions.Logging.Abstractions": "9.0.0-rc.2.24473.5",
          "Microsoft.Extensions.Options": "9.0.0-rc.2.24473.5"
        }
      },
      "Microsoft.Extensions.Options": {
        "type": "Transitive",
        "resolved": "9.0.0-rc.2.24473.5",
        "contentHash": "yv1/d9PHKB6W2KnyjgASAKU9siFtHQzFKcMLaGtEn95c2/j8ATKZkt+d4MbzxRY7fYtMyK7SOSMAFr3LybyWiw==",
        "dependencies": {
          "Microsoft.Extensions.DependencyInjection.Abstractions": "9.0.0-rc.2.24473.5",
          "Microsoft.Extensions.Primitives": "9.0.0-rc.2.24473.5"
        }
      },
      "Microsoft.Extensions.Primitives": {
        "type": "Transitive",
        "resolved": "9.0.0",
        "contentHash": "N3qEBzmLMYiASUlKxxFIISP4AiwuPTHF5uCh+2CWSwwzAJiIYx0kBJsS30cp1nvhSySFAVi30jecD307jV+8Kg=="
      },
      "Newtonsoft.Json": {
        "type": "Transitive",
        "resolved": "13.0.3",
        "contentHash": "HrC5BXdl00IP9zeV+0Z848QWPAoCr9P3bDEZguI+gkLcBKAOxix/tLEAAHC+UvDNPv4a2d18lOReHMOagPa+zQ=="
      },
      "NuGet.Common": {
        "type": "Transitive",
        "resolved": "6.12.1",
        "contentHash": "nk8nTdhQl4x2VaAQUvefI7DDYAuBDlE+OZZRffm50Qx5dUAEq8wkc5JIqrN2lTEohObHPI/SXyG2UFdMQkrdyg==",
        "dependencies": {
          "NuGet.Frameworks": "6.12.1"
        }
      },
      "NuGet.Configuration": {
        "type": "Transitive",
        "resolved": "6.12.1",
        "contentHash": "IRwlY1379ZgJ0oEJvjD+lDuOhJ5S1fsU5n/bEC5/i0+N9bo2WIMDAdaQ/qIdyK/gMJ/YWS+++GSX6rN7luqEvg==",
        "dependencies": {
          "NuGet.Common": "6.12.1",
          "System.Security.Cryptography.ProtectedData": "4.4.0"
        }
      },
      "NuGet.Frameworks": {
        "type": "Transitive",
        "resolved": "6.12.1",
        "contentHash": "kPaRD5RJC0ByUg+yGX6bDz5XHMI7OYmQwP8kbtef+vZ+csj/VDb5Bwas4ChxwhoAbI8lEvwP5/3aViQPpgNBow=="
      },
      "NuGet.Versioning": {
        "type": "Transitive",
        "resolved": "6.12.1",
        "contentHash": "fJ6rFYANDnohFsdpaY79FvrJxI6murmoOxXz6nZlf819F48+IBKMnAIg3oIBRtZq5y498ObMtKnro5IitvizUg=="
      },
      "System.Formats.Asn1": {
        "type": "Transitive",
        "resolved": "8.0.1",
        "contentHash": "XqKba7Mm/koKSjKMfW82olQdmfbI5yqeoLV/tidRp7fbh5rmHAQ5raDI/7SU0swTzv+jgqtUGkzmFxuUg0it1A=="
      },
      "System.Security.Cryptography.Pkcs": {
        "type": "Transitive",
        "resolved": "6.0.4",
        "contentHash": "LGbXi1oUJ9QgCNGXRO9ndzBL/GZgANcsURpMhNR8uO+rca47SZmciS3RSQUvlQRwK3QHZSHNOXzoMUASKA+Anw==",
        "dependencies": {
          "System.Formats.Asn1": "6.0.0"
        }
      },
      "System.Security.Cryptography.ProtectedData": {
        "type": "Transitive",
        "resolved": "4.4.0",
        "contentHash": "cJV7ScGW7EhatRsjehfvvYVBvtiSMKgN8bOVI0bQhnF5bU7vnHVIsH49Kva7i7GWaWYvmEzkYVk1TC+gZYBEog=="
      },
      "pubnet.api.dto": {
        "type": "Project",
        "dependencies": {
          "PubNet.Auth": "[1.0.0, )",
          "PubNet.Database.Entities": "[1.0.0, )",
          "Riok.Mapperly": "[4.1.0, )"
        }
      },
      "pubnet.auth": {
        "type": "Project",
        "dependencies": {
          "Microsoft.Extensions.Configuration.Abstractions": "[9.0.0, )",
          "Microsoft.Extensions.Logging.Abstractions": "[9.0.0, )",
          "Vogen": "[5.0.3, )"
        }
      },
      "pubnet.database.entities": {
        "type": "Project",
        "dependencies": {
          "DartLang.PubSpec.Serialization.Json": "[3.0.1, )",
          "Microsoft.EntityFrameworkCore": "[9.0.0-rc.2.24474.1, )",
          "Microsoft.EntityFrameworkCore.Relational": "[9.0.0-rc.2.24474.1, )",
          "NuGet.Packaging": "[6.12.1, )",
          "PubNet.Auth": "[1.0.0, )"
        }
      },
      "pubnet.docsstorage.abstractions": {
        "type": "Project",
        "dependencies": {
          "Microsoft.Extensions.FileProviders.Abstractions": "[9.0.0, )"
        }
      },
      "DartLang.PubSpec.Serialization.Json": {
        "type": "CentralTransitive",
        "requested": "[3.0.1, )",
        "resolved": "3.0.1",
        "contentHash": "IWB9WQiXRQmcq/aTIkOBF7QOkdZDoWMw7ijeny2ZQK0PVnnGKc9yvo0obMYmeFzYiRdToiY/EUvmVj7kjvEMtw==",
        "dependencies": {
          "DartLang.PubSpec": "3.0.1",
          "Semver": "3.0.0"
        }
      },
      "Microsoft.EntityFrameworkCore": {
        "type": "CentralTransitive",
        "requested": "[9.0.0-rc.2.24474.1, )",
        "resolved": "9.0.0-rc.2.24474.1",
        "contentHash": "m8jrD1KGxfKUozC5uKGv5UI/lASpihd5yj8hOYlB3GcYcxZbNoO1mQN85xuPwhm3pVpCpmdzvSdbJnJ9UmLDkQ==",
        "dependencies": {
          "Microsoft.EntityFrameworkCore.Abstractions": "9.0.0-rc.2.24474.1",
          "Microsoft.EntityFrameworkCore.Analyzers": "9.0.0-rc.2.24474.1",
          "Microsoft.Extensions.Caching.Memory": "9.0.0-rc.2.24473.5",
          "Microsoft.Extensions.Logging": "9.0.0-rc.2.24473.5"
        }
      },
      "Microsoft.EntityFrameworkCore.Relational": {
        "type": "CentralTransitive",
        "requested": "[9.0.0-rc.2.24474.1, )",
        "resolved": "9.0.0-rc.2.24474.1",
        "contentHash": "Rj80UExgku8FuA5FHazj6mWTAuXnaNXiSZKhta+fChOYe5y+l/ZbBC6J1+jXS27WHCFzOwuRKTl34xF/SKcZJg==",
        "dependencies": {
          "Microsoft.EntityFrameworkCore": "9.0.0-rc.2.24474.1",
          "Microsoft.Extensions.Caching.Memory": "9.0.0-rc.2.24473.5",
          "Microsoft.Extensions.Configuration.Abstractions": "9.0.0-rc.2.24473.5",
          "Microsoft.Extensions.Logging": "9.0.0-rc.2.24473.5"
        }
      },
      "Microsoft.Extensions.Configuration.Abstractions": {
        "type": "CentralTransitive",
        "requested": "[9.0.0, )",
        "resolved": "9.0.0",
        "contentHash": "lqvd7W3FGKUO1+ZoUEMaZ5XDJeWvjpy2/M/ptCGz3tXLD4HWVaSzjufsAsjemasBEg+2SxXVtYVvGt5r2nKDlg==",
        "dependencies": {
          "Microsoft.Extensions.Primitives": "9.0.0"
        }
      },
      "Microsoft.Extensions.DependencyInjection.Abstractions": {
        "type": "CentralTransitive",
        "requested": "[9.0.0, )",
        "resolved": "9.0.0",
        "contentHash": "+6f2qv2a3dLwd5w6JanPIPs47CxRbnk+ZocMJUhv9NxP88VlOcJYZs9jY+MYSjxvady08bUZn6qgiNh7DadGgg=="
      },
      "Microsoft.Extensions.Logging.Abstractions": {
        "type": "CentralTransitive",
        "requested": "[9.0.0, )",
        "resolved": "9.0.0",
        "contentHash": "g0UfujELzlLbHoVG8kPKVBaW470Ewi+jnptGS9KUi6jcb+k2StujtK3m26DFSGGwQ/+bVgZfsWqNzlP6YOejvw==",
        "dependencies": {
          "Microsoft.Extensions.DependencyInjection.Abstractions": "9.0.0"
        }
      },
      "NuGet.Packaging": {
        "type": "CentralTransitive",
        "requested": "[6.12.1, )",
        "resolved": "6.12.1",
        "contentHash": "6s5NO3VNX6fIx6GwuWZtIsal9W1xkelYd3Vg2KUAg1zGqnKC3wB5IZlombvVGVGcwyl/A+iDvpUwSvgeDoB3wA==",
        "dependencies": {
          "Newtonsoft.Json": "13.0.3",
          "NuGet.Configuration": "6.12.1",
          "NuGet.Versioning": "6.12.1",
          "System.Formats.Asn1": "8.0.1",
          "System.Security.Cryptography.Pkcs": "6.0.4"
        }
      },
      "Riok.Mapperly": {
        "type": "CentralTransitive",
        "requested": "[4.1.0, )",
        "resolved": "4.1.0",
        "contentHash": "Px/qQh977qubJhuVXp+uQrZ0DU/X7HimKnXnvW3BISsM/6CwpxxgVe853MVvdvF5zbogP314s44qXiGNghtVgQ=="
      },
      "Vogen": {
        "type": "CentralTransitive",
        "requested": "[5.0.3, )",
        "resolved": "5.0.3",
        "contentHash": "GUofXjk0VKJBlzcDVHhOIE5Z7hNuLujuShUTndkZPV+ZBZ7Ss9qWlEUb51kMXyBMsFJ9mBraq+eC7fUoVoOPYg=="
      }
    }
  }
}