{
  "version": 2,
  "dependencies": {
    "net9.0": {
      "Blazored.LocalStorage": {
        "type": "Direct",
        "requested": "[4.5.0, )",
        "resolved": "4.5.0",
        "contentHash": "6nZuJwA7zNIKx83IsObiHXZb09ponJOpCClU3en+hI8ZFvrOKXeOw+H7TegQZQrvdR1n9fkrVkEBQZg8vx6ZTw==",
        "dependencies": {
          "Microsoft.AspNetCore.Components.Web": "8.0.0"
        }
      },
      "Blism.Language.Bash": {
        "type": "Direct",
        "requested": "[1.1.0, )",
        "resolved": "1.1.0",
        "contentHash": "ye8ztjlJRjl73K/F6C3SgOu23AHA7m1Fn4R2ycanJKYzbn1i7J7tk1oD/Ez4E34m08jhTBBadwEOKLiJar7ghg==",
        "dependencies": {
          "Blism": "1.1.0"
        }
      },
      "Blism.Language.Yaml": {
        "type": "Direct",
        "requested": "[1.1.0, )",
        "resolved": "1.1.0",
        "contentHash": "IECtbyrlHbMmAXLoj+og1CSZg4mBz7fYrg7fqbGIlQDV/FJEorXPtfViV4hZ4MScS4Bo0eGtmDtU8OFDEhVhPg==",
        "dependencies": {
          "Blism": "1.1.0"
        }
      },
      "GitVersion.MsBuild": {
        "type": "Direct",
        "requested": "[5.12.0, 6.0.0)",
        "resolved": "5.12.0",
        "contentHash": "dJuigXycpJNOiLT9or7mkHSkGFHgGW3/p6cNNYEKZBa7Hhp1FdX/cvqYWWYhRLpfoZOedeA7aRbYiOB3vW/dvA=="
      },
      "Markdig": {
        "type": "Direct",
        "requested": "[0.40.0, )",
        "resolved": "0.40.0",
        "contentHash": "4ve14zs+gt1irldTQE3y5FLAHuzmhW7T99lAAvVipe/q2LWT/nUCO0iICb9TXGvMX6n7Z1OZroFXkdSy91rO8w=="
      },
      "Microsoft.AspNetCore.Components.Authorization": {
        "type": "Direct",
        "requested": "[9.0.1, )",
        "resolved": "9.0.1",
        "contentHash": "CrfhX/TAu/8x4K0l8U0GpniJs28ApWPKH3D+Uww0hRljJdwFdTXjMz4fmoEkt3PgDeXTPS5WOT5oK4HDXqkxkQ==",
        "dependencies": {
          "Microsoft.AspNetCore.Authorization": "9.0.1",
          "Microsoft.AspNetCore.Components": "9.0.1"
        }
      },
      "Microsoft.AspNetCore.Components.WebAssembly": {
        "type": "Direct",
        "requested": "[9.0.1, )",
        "resolved": "9.0.1",
        "contentHash": "ZZwox99qtrzjQMCdpEd0ZZpotxV0Vabj5+FQkja5IHa8EP6EO/LLHx9mEthdBoi56ltXsXjTpgfEGAGPHN7z+Q==",
        "dependencies": {
          "Microsoft.AspNetCore.Components.Web": "9.0.1",
          "Microsoft.Extensions.Configuration.Binder": "9.0.1",
          "Microsoft.Extensions.Configuration.Json": "9.0.1",
          "Microsoft.Extensions.Logging": "9.0.1",
          "Microsoft.JSInterop.WebAssembly": "9.0.1"
        }
      },
      "Microsoft.AspNetCore.Components.WebAssembly.DevServer": {
        "type": "Direct",
        "requested": "[9.0.1, )",
        "resolved": "9.0.1",
        "contentHash": "3oxbwXhD/mnmHQ93ngZ2BDJHSA69YJ62QX+cgt0l1vTJDqvfYuYGs2KyYx1OvyUdzhKVEjnq1zYeb6+fRR7N3w=="
      },
      "Microsoft.NET.ILLink.Tasks": {
        "type": "Direct",
        "requested": "[9.0.1, )",
        "resolved": "9.0.1",
        "contentHash": "BKFAkdhUUJivAoKuSWcT23WH9E+AWQMJootzt9X+lnesOD2a2yNIe1ZQFtxB8H3ayskLBD5gYyIbj5GIfw7rZg=="
      },
      "Microsoft.NET.Sdk.WebAssembly.Pack": {
        "type": "Direct",
        "requested": "[9.0.1, )",
        "resolved": "9.0.1",
        "contentHash": "/+0fpalaBrtXNnoso2oIMi3W30+bDWe8lrXkRj6qKMKsTpDfJboxuVn+E9XDpuk2zTBqjd6ZDStD6F9KYMj7cQ=="
      },
      "MudBlazor": {
        "type": "Direct",
        "requested": "[8.0.0, )",
        "resolved": "8.0.0",
        "contentHash": "itY10dugofdvLYnJ1VZSzUIiKVqNvnTz4eEMYlHUdrOfsk9xShj7k1EW5H6ssMmkbQzShlLBHlUt+VPFGoEJGw==",
        "dependencies": {
          "Microsoft.AspNetCore.Components": "9.0.1",
          "Microsoft.AspNetCore.Components.Web": "9.0.1",
          "Microsoft.Extensions.Localization": "9.0.1"
        }
      },
      "PasswordRulesSharp": {
        "type": "Direct",
        "requested": "[2.0.0, )",
        "resolved": "2.0.0",
        "contentHash": "yaGuJKNJbHToedKy18GUSxZqwUAR6s2LLfITfeZIbpe5WTOFRWZPp+TqImHLkBCZJYRugKxgZ9CCtSsjJZ8sgw==",
        "dependencies": {
          "IndexRange": "1.0.2",
          "NodaTime": "3.1.6",
          "System.ComponentModel.Annotations": "5.0.0"
        }
      },
      "Rive.Blazor.Wasm": {
        "type": "Direct",
        "requested": "[1.0.1, )",
        "resolved": "1.0.1",
        "contentHash": "Xz64utPADDL/I/7p6TOTuBZvouw7tK98Xz2NG2ToUqT30z/g7RAendvc6ZlSoMUHxkDgLabE8w0uJ3jBmiaqlA==",
        "dependencies": {
          "Microsoft.AspNetCore.Components.Web": "8.0.8"
        }
      },
      "TextCopy": {
        "type": "Direct",
        "requested": "[6.2.1, )",
        "resolved": "6.2.1",
        "contentHash": "ryejViUBmHQ2XMie2AiRBn7KVKu2Gh/hqrctGSAUf1BufwfPjr+MWuACNBaiG+40TMbWRDJZgV73Tpl9hggeRw==",
        "dependencies": {
          "Microsoft.Extensions.DependencyInjection.Abstractions": "7.0.0"
        }
      },
      "Blism": {
        "type": "Transitive",
        "resolved": "1.1.0",
        "contentHash": "XLbW0zQBtb2Kw4l8Z21InNOUp3QgFZwo1Yz95RfkEoXABgaakYLOoqwssmxxm7nL3xJ5skal92m6GZH84W42mA==",
        "dependencies": {
          "Microsoft.AspNetCore.Components.Web": "8.0.10"
        }
      },
      "IndexRange": {
        "type": "Transitive",
        "resolved": "1.0.2",
        "contentHash": "BxTYJba0X+rMh7kyA2fYpOrFR3+bIVnBT/VzRinlAe7UZmHGcZk2SoWEIXzqnSFdkfCoi4K0QoHoE/nc71lmDg=="
      },
      "Microsoft.AspNetCore.Authorization": {
        "type": "Transitive",
        "resolved": "9.0.1",
        "contentHash": "WgLlLBlMczb2+QLNG6sM95OUZ0EBztz60k/N75tjIgpyu0SdpIfYytAmX/7JJAjRTZF0c/CrWaQV+SH9FuGsrA==",
        "dependencies": {
          "Microsoft.AspNetCore.Metadata": "9.0.1",
          "Microsoft.Extensions.Logging.Abstractions": "9.0.1",
          "Microsoft.Extensions.Options": "9.0.1"
        }
      },
      "Microsoft.AspNetCore.Components": {
        "type": "Transitive",
        "resolved": "9.0.1",
        "contentHash": "6pwfbQKNtvPkbF4tCGiAKGyt6BVpu58xAXz7u2YXcUKTNmNxrymbG1mEyMc0EPzVdnquDDqTyfXM3mC1EJycxQ==",
        "dependencies": {
          "Microsoft.AspNetCore.Authorization": "9.0.1",
          "Microsoft.AspNetCore.Components.Analyzers": "9.0.1"
        }
      },
      "Microsoft.AspNetCore.Components.Analyzers": {
        "type": "Transitive",
        "resolved": "9.0.1",
        "contentHash": "I8Rs4LXT5UQxM5Nin2+Oj8aSY2heszSZ3EyTLgt3mxmfiRPrVO7D8NNSsf1voI2Gb0qFJceof/J5c9E+nfNuHw=="
      },
      "Microsoft.AspNetCore.Components.Forms": {
        "type": "Transitive",
        "resolved": "9.0.1",
        "contentHash": "KyULVU32bLz74LWDwPEwNUEllTehzWJuM7YAsz80rMKEzvR0K8cRjRzO0fnN/nfydMeLRRlbI0xj8wnEAymLVw==",
        "dependencies": {
          "Microsoft.AspNetCore.Components": "9.0.1"
        }
      },
      "Microsoft.AspNetCore.Components.Web": {
        "type": "Transitive",
        "resolved": "9.0.1",
        "contentHash": "LI0vjYEd9MaDZPDQxPCn4gGYDkEC5U9rp1nWZo7rPozJxgTG2zU3WERujxTi2LeAC2ZzdXlOVCrUyPQ55LZV2A==",
        "dependencies": {
          "Microsoft.AspNetCore.Components": "9.0.1",
          "Microsoft.AspNetCore.Components.Forms": "9.0.1",
          "Microsoft.Extensions.DependencyInjection": "9.0.1",
          "Microsoft.Extensions.Primitives": "9.0.1",
          "Microsoft.JSInterop": "9.0.1"
        }
      },
      "Microsoft.AspNetCore.Metadata": {
        "type": "Transitive",
        "resolved": "9.0.1",
        "contentHash": "EZnHifamF7IFEIyjAKMtJM3I/94OIe72i3P09v5oL0twmsmfQwal6Ni3m8lbB5mge3jWFhMozeW+rUdRSqnXRQ=="
      },
      "Microsoft.Extensions.Configuration": {
        "type": "Transitive",
        "resolved": "9.0.1",
        "contentHash": "VuthqFS+ju6vT8W4wevdhEFiRi1trvQtkzWLonApfF5USVzzDcTBoY3F24WvN/tffLSrycArVfX1bThm/9xY2A==",
        "dependencies": {
          "Microsoft.Extensions.Configuration.Abstractions": "9.0.1",
          "Microsoft.Extensions.Primitives": "9.0.1"
        }
      },
      "Microsoft.Extensions.Configuration.Binder": {
        "type": "Transitive",
        "resolved": "9.0.1",
        "contentHash": "w7kAyu1Mm7eParRV6WvGNNwA8flPTub16fwH49h7b/yqJZFTgYxnOVCuiah3G2bgseJMEq4DLjjsyQRvsdzRgA==",
        "dependencies": {
          "Microsoft.Extensions.Configuration.Abstractions": "9.0.1"
        }
      },
      "Microsoft.Extensions.Configuration.FileExtensions": {
        "type": "Transitive",
        "resolved": "9.0.1",
        "contentHash": "QBOI8YVAyKqeshYOyxSe6co22oag431vxMu5xQe1EjXMkYE4xK4J71xLCW3/bWKmr9Aoy1VqGUARSLFnotk4Bg==",
        "dependencies": {
          "Microsoft.Extensions.Configuration": "9.0.1",
          "Microsoft.Extensions.Configuration.Abstractions": "9.0.1",
          "Microsoft.Extensions.FileProviders.Abstractions": "9.0.1",
          "Microsoft.Extensions.FileProviders.Physical": "9.0.1",
          "Microsoft.Extensions.Primitives": "9.0.1"
        }
      },
      "Microsoft.Extensions.Configuration.Json": {
        "type": "Transitive",
        "resolved": "9.0.1",
        "contentHash": "z+g+lgPET1JRDjsOkFe51rkkNcnJgvOK5UIpeTfF1iAi0GkBJz5/yUuTa8a9V8HUh4gj4xFT5WGoMoXoSDKfGg==",
        "dependencies": {
          "Microsoft.Extensions.Configuration": "9.0.1",
          "Microsoft.Extensions.Configuration.Abstractions": "9.0.1",
          "Microsoft.Extensions.Configuration.FileExtensions": "9.0.1",
          "Microsoft.Extensions.FileProviders.Abstractions": "9.0.1"
        }
      },
      "Microsoft.Extensions.DependencyInjection": {
        "type": "Transitive",
        "resolved": "9.0.1",
        "contentHash": "qZI42ASAe3hr2zMSA6UjM92pO1LeDq5DcwkgSowXXPY8I56M76pEKrnmsKKbxagAf39AJxkH2DY4sb72ixyOrg==",
        "dependencies": {
          "Microsoft.Extensions.DependencyInjection.Abstractions": "9.0.1"
        }
      },
      "Microsoft.Extensions.FileSystemGlobbing": {
        "type": "Transitive",
        "resolved": "9.0.1",
        "contentHash": "Mxcp9NXuQMvAnudRZcgIb5SqlWrlullQzntBLTwuv0MPIJ5LqiGwbRqiyxgdk+vtCoUkplb0oXy5kAw1t469Ug=="
      },
      "Microsoft.Extensions.Localization": {
        "type": "Transitive",
        "resolved": "9.0.1",
        "contentHash": "UgvX4Yb2T3tEsKT30ktZr0H7kTRPapCgEH0bdTwxiEGSdA39/hAQMvvb+vgHpqmevDU5+puyI9ujRkmmbF946w==",
        "dependencies": {
          "Microsoft.Extensions.DependencyInjection.Abstractions": "9.0.1",
          "Microsoft.Extensions.Localization.Abstractions": "9.0.1",
          "Microsoft.Extensions.Logging.Abstractions": "9.0.1",
          "Microsoft.Extensions.Options": "9.0.1"
        }
      },
      "Microsoft.Extensions.Localization.Abstractions": {
        "type": "Transitive",
        "resolved": "9.0.1",
        "contentHash": "CABog43lyaZQMjmlktuImCy6zmAzRBaXqN81uPaMQjlp//ISDVYItZPh6KWpWRF4MY/B67X5oDc3JTUpfdocZw=="
      },
      "Microsoft.Extensions.Logging": {
        "type": "Transitive",
        "resolved": "9.0.1",
        "contentHash": "E/k5r7S44DOW+08xQPnNbO8DKAQHhkspDboTThNJ6Z3/QBb4LC6gStNWzVmy3IvW7sUD+iJKf4fj0xEkqE7vnQ==",
        "dependencies": {
          "Microsoft.Extensions.DependencyInjection": "9.0.1",
          "Microsoft.Extensions.Logging.Abstractions": "9.0.1",
          "Microsoft.Extensions.Options": "9.0.1"
        }
      },
      "Microsoft.Extensions.Options": {
        "type": "Transitive",
        "resolved": "9.0.1",
        "contentHash": "nggoNKnWcsBIAaOWHA+53XZWrslC7aGeok+aR+epDPRy7HI7GwMnGZE8yEsL2Onw7kMOHVHwKcsDls1INkNUJQ==",
        "dependencies": {
          "Microsoft.Extensions.DependencyInjection.Abstractions": "9.0.1",
          "Microsoft.Extensions.Primitives": "9.0.1"
        }
      },
      "Microsoft.Extensions.Primitives": {
        "type": "Transitive",
        "resolved": "9.0.1",
        "contentHash": "bHtTesA4lrSGD1ZUaMIx6frU3wyy0vYtTa/hM6gGQu5QNrydObv8T5COiGUWsisflAfmsaFOe9Xvw5NSO99z0g=="
      },
      "Microsoft.JSInterop": {
        "type": "Transitive",
        "resolved": "9.0.1",
        "contentHash": "/xBwIfb0YoC2Muv6EsHjxpqZw2aKv94+i0g0FWZvqvGv3DeAy+8wipAuECVvKYEs2EIclRD41bjajHLoD6mTtw=="
      },
      "Microsoft.JSInterop.WebAssembly": {
        "type": "Transitive",
        "resolved": "9.0.1",
        "contentHash": "4YMLT96BmWT/BUJ2Btqb34DU8ikpLO3SWHQbe13cIXYmvhgBZGX89T9L/dxCfl7ODBnvyuBpa/E0DgcPHwjdHw==",
        "dependencies": {
          "Microsoft.JSInterop": "9.0.1"
        }
      },
      "NodaTime": {
        "type": "Transitive",
        "resolved": "3.1.6",
        "contentHash": "0ZGOyyLldBHYhFpDi22YcXDuAjj3bI33ChGJyp4/dP2gbhpIIVAKaIgU0h+1oUlh/LgA/UKeyJkWOCW2wHYfIg==",
        "dependencies": {
          "System.Runtime.CompilerServices.Unsafe": "4.7.1"
        }
      },
      "Std.UriTemplate": {
        "type": "Transitive",
        "resolved": "2.0.1",
        "contentHash": "Ix5VXZwLfolwVHyGTSSJl6KIJ2le6E9YjLdZBMS1Xxzw7VJankRvQW8JoUL69tEgfcw+0qjgWrlxANrhvS0QCQ=="
      },
      "System.ComponentModel.Annotations": {
        "type": "Transitive",
        "resolved": "5.0.0",
        "contentHash": "dMkqfy2el8A8/I76n2Hi1oBFEbG1SfxD2l5nhwXV3XjlnOmwxJlQbYpJH4W51odnU9sARCSAgv7S3CyAFMkpYg=="
      },
      "System.Runtime.CompilerServices.Unsafe": {
        "type": "Transitive",
        "resolved": "4.7.1",
        "contentHash": "zOHkQmzPCn5zm/BH+cxC1XbUS3P4Yoi3xzW7eRgVpDR2tPGSzyMZ17Ig1iRkfJuY0nhxkQQde8pgePNiA7z7TQ=="
      },
      "pubnet.auth": {
        "type": "Project",
        "dependencies": {
          "Microsoft.Extensions.Configuration.Abstractions": "[9.0.1, )",
          "Microsoft.Extensions.Logging.Abstractions": "[9.0.1, )",
          "Vogen": "[6.0.0, )"
        }
      },
      "pubnet.client.abstractions": {
        "type": "Project",
        "dependencies": {
          "PubNet.Auth": "[1.0.0, )",
          "PubNet.Client.ApiClient": "[1.0.0, )"
        }
      },
      "pubnet.client.apiclient": {
        "type": "Project",
        "dependencies": {
          "Microsoft.Kiota.Abstractions": "[1.16.4, )",
          "Microsoft.Kiota.Http.HttpClientLibrary": "[1.16.4, )",
          "Microsoft.Kiota.Serialization.Form": "[1.16.4, )",
          "Microsoft.Kiota.Serialization.Json": "[1.16.4, )",
          "Microsoft.Kiota.Serialization.Multipart": "[1.16.4, )",
          "Microsoft.Kiota.Serialization.Text": "[1.16.4, )"
        }
      },
      "pubnet.client.extensions": {
        "type": "Project",
        "dependencies": {
          "PubNet.Client.Abstractions": "[1.0.0, )"
        }
      },
      "pubnet.client.services": {
        "type": "Project",
        "dependencies": {
          "Microsoft.Extensions.DependencyInjection.Abstractions": "[9.0.1, )",
          "Microsoft.Extensions.Logging.Abstractions": "[9.0.1, )",
          "Microsoft.Kiota.Abstractions": "[1.16.4, )",
          "PubNet.Client.Abstractions": "[1.0.0, )",
          "PubNet.Client.ApiClient": "[1.0.0, )"
        }
      },
      "Microsoft.Extensions.Configuration.Abstractions": {
        "type": "CentralTransitive",
        "requested": "[9.0.1, )",
        "resolved": "9.0.1",
        "contentHash": "+4hfFIY1UjBCXFTTOd+ojlDPq6mep3h5Vq5SYE3Pjucr7dNXmq4S/6P/LoVnZFz2e/5gWp/om4svUFgznfULcA==",
        "dependencies": {
          "Microsoft.Extensions.Primitives": "9.0.1"
        }
      },
      "Microsoft.Extensions.DependencyInjection.Abstractions": {
        "type": "CentralTransitive",
        "requested": "[9.0.1, )",
        "resolved": "9.0.1",
        "contentHash": "Tr74eP0oQ3AyC24ch17N8PuEkrPbD0JqIfENCYqmgKYNOmL8wQKzLJu3ObxTUDrjnn4rHoR1qKa37/eQyHmCDA=="
      },
      "Microsoft.Extensions.FileProviders.Abstractions": {
        "type": "CentralTransitive",
        "requested": "[9.0.1, )",
        "resolved": "9.0.1",
        "contentHash": "DguZYt1DWL05+8QKWL3b6bW7A2pC5kYFMY5iXM6W2M23jhvcNa8v6AU8PvVJBcysxHwr9/jax0agnwoBumsSwg==",
        "dependencies": {
          "Microsoft.Extensions.Primitives": "9.0.1"
        }
      },
      "Microsoft.Extensions.FileProviders.Physical": {
        "type": "CentralTransitive",
        "requested": "[9.0.1, )",
        "resolved": "9.0.1",
        "contentHash": "TKDMNRS66UTMEVT38/tU9hA63UTMvzI3DyNm5mx8+JCf3BaOtxgrvWLCI1y3J52PzT5yNl/T2KN5Z0KbApLZcg==",
        "dependencies": {
          "Microsoft.Extensions.FileProviders.Abstractions": "9.0.1",
          "Microsoft.Extensions.FileSystemGlobbing": "9.0.1",
          "Microsoft.Extensions.Primitives": "9.0.1"
        }
      },
      "Microsoft.Extensions.Logging.Abstractions": {
        "type": "CentralTransitive",
        "requested": "[9.0.1, )",
        "resolved": "9.0.1",
        "contentHash": "w2gUqXN/jNIuvqYwX3lbXagsizVNXYyt6LlF57+tMve4JYCEgCMMAjRce6uKcDASJgpMbErRT1PfHy2OhbkqEA==",
        "dependencies": {
          "Microsoft.Extensions.DependencyInjection.Abstractions": "9.0.1"
        }
      },
      "Microsoft.Kiota.Abstractions": {
        "type": "CentralTransitive",
        "requested": "[1.16.4, )",
        "resolved": "1.16.4",
        "contentHash": "pLQcH9tYRPA3CCsrqFUajUUaR8UmsqPmQExigpOfdaFvUXuMauUcCqxVnRGVnN002HqtOdsc/zKVewj6tFD6Dg==",
        "dependencies": {
          "Std.UriTemplate": "2.0.1"
        }
      },
      "Microsoft.Kiota.Http.HttpClientLibrary": {
        "type": "CentralTransitive",
        "requested": "[1.16.4, )",
        "resolved": "1.16.4",
        "contentHash": "5qf2xS5gXgO842V/tTiNqEt5VaMENWm23KMznl8SUl+UWkBeN55KKY0abRrQrw56igkwJJG6ReBwZoPQtwqHDg==",
        "dependencies": {
          "Microsoft.Kiota.Abstractions": "1.16.4"
        }
      },
      "Microsoft.Kiota.Serialization.Form": {
        "type": "CentralTransitive",
        "requested": "[1.16.4, )",
        "resolved": "1.16.4",
        "contentHash": "P/fnIzYON3qArN3a3dFtSXKxG2hf1K8Iq8RLesQIc0naMwFDYq4SSE3JcRNJ9YQQUOHKcoeRdP29BpkCFkbrhg==",
        "dependencies": {
          "Microsoft.Kiota.Abstractions": "1.16.4"
        }
      },
      "Microsoft.Kiota.Serialization.Json": {
        "type": "CentralTransitive",
        "requested": "[1.16.4, )",
        "resolved": "1.16.4",
        "contentHash": "WXRv4dhjwDcky+27MX6Q4L96s38ChhPSqdgOENhDsEHAZiN/YYjq1IBvQk31fnxJraqyJR/IbG84c51B1gNhJw==",
        "dependencies": {
          "Microsoft.Kiota.Abstractions": "1.16.4"
        }
      },
      "Microsoft.Kiota.Serialization.Multipart": {
        "type": "CentralTransitive",
        "requested": "[1.16.4, )",
        "resolved": "1.16.4",
        "contentHash": "QgY2Ckeipd53H5dyPv9v8far2BAPMa4dVNnLFd/m3uS7nQWi9ammB3Aj/cBArIeUvG1bznahCf9Tx2bDdtPGhQ==",
        "dependencies": {
          "Microsoft.Kiota.Abstractions": "1.16.4"
        }
      },
      "Microsoft.Kiota.Serialization.Text": {
        "type": "CentralTransitive",
        "requested": "[1.16.4, )",
        "resolved": "1.16.4",
        "contentHash": "TkThf7kvYwcGLW9OlxCkfppjJzV/YOrUfZhK8YYKshPwfOrsw4AkH35oUx/seC9pxxzb9xKecMHJ2GstunD53Q==",
        "dependencies": {
          "Microsoft.Kiota.Abstractions": "1.16.4"
        }
      },
      "Vogen": {
        "type": "CentralTransitive",
        "requested": "[6.0.0, )",
        "resolved": "6.0.0",
        "contentHash": "HDeCgFmyu9IgM40AWOvB0ieuoLVHSYE4EN6uQNv7bVkUnaZnn6GeGDMIb/zvfOJbtyIEn411eQ8g+iIrzCM4ng=="
      }
    },
    "net9.0/browser-wasm": {}
  }
}