{
  "version": 2,
  "dependencies": {
    "net9.0": {
      "Blazored.LocalStorage": {
        "type": "Direct",
        "requested": "[4.5.0, )",
        "resolved": "4.5.0",
        "contentHash": "6nZuJwA7zNIKx83IsObiHXZb09ponJOpCClU3en+hI8ZFvrOKXeOw+H7TegQZQrvdR1n9fkrVkEBQZg8vx6ZTw==",
        "dependencies": {
          "Microsoft.AspNetCore.Components.Web": "8.0.0"
        }
      },
      "Blism.Language.Bash": {
        "type": "Direct",
        "requested": "[1.1.0, )",
        "resolved": "1.1.0",
        "contentHash": "ye8ztjlJRjl73K/F6C3SgOu23AHA7m1Fn4R2ycanJKYzbn1i7J7tk1oD/Ez4E34m08jhTBBadwEOKLiJar7ghg==",
        "dependencies": {
          "Blism": "1.1.0"
        }
      },
      "Blism.Language.Yaml": {
        "type": "Direct",
        "requested": "[1.1.0, )",
        "resolved": "1.1.0",
        "contentHash": "IECtbyrlHbMmAXLoj+og1CSZg4mBz7fYrg7fqbGIlQDV/FJEorXPtfViV4hZ4MScS4Bo0eGtmDtU8OFDEhVhPg==",
        "dependencies": {
          "Blism": "1.1.0"
        }
      },
      "GitVersion.MsBuild": {
        "type": "Direct",
        "requested": "[5.12.0, 6.0.0)",
        "resolved": "5.12.0",
        "contentHash": "dJuigXycpJNOiLT9or7mkHSkGFHgGW3/p6cNNYEKZBa7Hhp1FdX/cvqYWWYhRLpfoZOedeA7aRbYiOB3vW/dvA=="
      },
      "Markdig": {
        "type": "Direct",
        "requested": "[0.39.1, )",
        "resolved": "0.39.1",
        "contentHash": "QrH/Aq9A5P7fIdy4tEBQGqVvrJoEew9+jL0k2WlrmgD0yxXP0UUtdkhJWgpVgwT18R0ubpt9cyF+LQXbTUSOrg=="
      },
      "Microsoft.AspNetCore.Components.Authorization": {
        "type": "Direct",
        "requested": "[9.0.0, )",
        "resolved": "9.0.0",
        "contentHash": "LD5ApnnUgMAyFDMKXqhyKFksnnxicGxE15dvC6rnOynFzj11Rvf7bENjTP9HUIbD64MYug+wlhl06A4nicw+RQ==",
        "dependencies": {
          "Microsoft.AspNetCore.Authorization": "9.0.0",
          "Microsoft.AspNetCore.Components": "9.0.0"
        }
      },
      "Microsoft.AspNetCore.Components.WebAssembly": {
        "type": "Direct",
        "requested": "[9.0.0, )",
        "resolved": "9.0.0",
        "contentHash": "RwDygFGa1NdKh7N4S6P2xgxB0LeluLss/iZRdNnmOwN1zgpdLH9AnCnTIgDBAW7rhDjcPGrcjsDLNivwDRYwEQ==",
        "dependencies": {
          "Microsoft.AspNetCore.Components.Web": "9.0.0",
          "Microsoft.Extensions.Configuration.Binder": "9.0.0",
          "Microsoft.Extensions.Configuration.Json": "9.0.0",
          "Microsoft.Extensions.Logging": "9.0.0",
          "Microsoft.JSInterop.WebAssembly": "9.0.0"
        }
      },
      "Microsoft.AspNetCore.Components.WebAssembly.DevServer": {
        "type": "Direct",
        "requested": "[9.0.0, )",
        "resolved": "9.0.0",
        "contentHash": "k0i95CLhe9h6pfQUCvOksSY3Kz7ukxWLrXrADfrYzlvawCyO8oq+bviOTevNl2cS8RA8hmyWK0we3bZ1BNtCoA=="
      },
      "Microsoft.NET.ILLink.Tasks": {
        "type": "Direct",
        "requested": "[9.0.0, )",
        "resolved": "9.0.0",
        "contentHash": "zAwp213evC3UkimtVXRb+Dlgc/40QG145nmZDtp2LO9zJJMfrp+i/87BnXN7tRXEA4liyzdFkjqG1HE8/RPb4A=="
      },
      "Microsoft.NET.Sdk.WebAssembly.Pack": {
        "type": "Direct",
        "requested": "[9.0.0, )",
        "resolved": "9.0.0",
        "contentHash": "Ch6dilt/TAo3XryG/9LF8Zy4rAT+2HYnks8thWAeNzPNOJs4aSyC6E5yxuBiN49d2eES78h1mSR/KNyOfbptXQ=="
      },
      "MudBlazor": {
        "type": "Direct",
        "requested": "[7.15.0, )",
        "resolved": "7.15.0",
        "contentHash": "b2+hO7ZTGwsGhu9SoowuNe2ETeF1GzExpg/hIYR++rSh+vy4v/QD0iOsrATWv3LdFJXSgk3d1+XIr5srW3jBiA==",
        "dependencies": {
          "Microsoft.AspNetCore.Components": "8.0.8",
          "Microsoft.AspNetCore.Components.Web": "8.0.8",
          "Microsoft.Extensions.Localization": "8.0.8"
        }
      },
      "PasswordRulesSharp": {
        "type": "Direct",
        "requested": "[2.0.0, )",
        "resolved": "2.0.0",
        "contentHash": "yaGuJKNJbHToedKy18GUSxZqwUAR6s2LLfITfeZIbpe5WTOFRWZPp+TqImHLkBCZJYRugKxgZ9CCtSsjJZ8sgw==",
        "dependencies": {
          "IndexRange": "1.0.2",
          "NodaTime": "3.1.6",
          "System.ComponentModel.Annotations": "5.0.0"
        }
      },
      "Rive.Blazor.Wasm": {
        "type": "Direct",
        "requested": "[1.0.1, )",
        "resolved": "1.0.1",
        "contentHash": "Xz64utPADDL/I/7p6TOTuBZvouw7tK98Xz2NG2ToUqT30z/g7RAendvc6ZlSoMUHxkDgLabE8w0uJ3jBmiaqlA==",
        "dependencies": {
          "Microsoft.AspNetCore.Components.Web": "8.0.8"
        }
      },
      "System.Text.Encodings.Web": {
        "type": "Direct",
        "requested": "[9.0.0, )",
        "resolved": "9.0.0",
        "contentHash": "e2hMgAErLbKyUUwt18qSBf9T5Y+SFAL3ZedM8fLupkVj8Rj2PZ9oxQ37XX2LF8fTO1wNIxvKpihD7Of7D/NxZw=="
      },
      "TextCopy": {
        "type": "Direct",
        "requested": "[6.2.1, )",
        "resolved": "6.2.1",
        "contentHash": "ryejViUBmHQ2XMie2AiRBn7KVKu2Gh/hqrctGSAUf1BufwfPjr+MWuACNBaiG+40TMbWRDJZgV73Tpl9hggeRw==",
        "dependencies": {
          "Microsoft.Extensions.DependencyInjection.Abstractions": "7.0.0"
        }
      },
      "Blism": {
        "type": "Transitive",
        "resolved": "1.1.0",
        "contentHash": "XLbW0zQBtb2Kw4l8Z21InNOUp3QgFZwo1Yz95RfkEoXABgaakYLOoqwssmxxm7nL3xJ5skal92m6GZH84W42mA==",
        "dependencies": {
          "Microsoft.AspNetCore.Components.Web": "8.0.10"
        }
      },
      "IndexRange": {
        "type": "Transitive",
        "resolved": "1.0.2",
        "contentHash": "BxTYJba0X+rMh7kyA2fYpOrFR3+bIVnBT/VzRinlAe7UZmHGcZk2SoWEIXzqnSFdkfCoi4K0QoHoE/nc71lmDg=="
      },
      "Microsoft.AspNetCore.Authorization": {
        "type": "Transitive",
        "resolved": "9.0.0",
        "contentHash": "qDJlBC5pUQ/3o6/C6Vuo9CGKtV5TAe5AdKeHvDR2bgmw8vwPxsAy3KG5eU0i1C+iAUNbmq+iDTbiKt16f9pRiA==",
        "dependencies": {
          "Microsoft.AspNetCore.Metadata": "9.0.0",
          "Microsoft.Extensions.Logging.Abstractions": "9.0.0",
          "Microsoft.Extensions.Options": "9.0.0"
        }
      },
      "Microsoft.AspNetCore.Components": {
        "type": "Transitive",
        "resolved": "9.0.0",
        "contentHash": "xKzY0LRqWrwuPVzKIF9k1kC21NrLmIE2qPhhKlInEAdYqNe8qcMoPWZy7fo1uScHkz5g73nTqDDra3+aAV7mTQ==",
        "dependencies": {
          "Microsoft.AspNetCore.Authorization": "9.0.0",
          "Microsoft.AspNetCore.Components.Analyzers": "9.0.0"
        }
      },
      "Microsoft.AspNetCore.Components.Analyzers": {
        "type": "Transitive",
        "resolved": "9.0.0",
        "contentHash": "maOE1qlJ9hf1Fb7PhFLw9bgP9mWckuDOcn1uKNt9/msdJG2YHl3cPRHojYa6CxliGHIXL8Da4qPgeUc4CaOoeg=="
      },
      "Microsoft.AspNetCore.Components.Forms": {
        "type": "Transitive",
        "resolved": "9.0.0",
        "contentHash": "orHGxDkbAa9syuaLVtZWOhNC8IddnCsDqpFaKjBj4zxe+B8cd6kcNf/t4Lv5hWBQ7mODiRCzEfKBnpU+GCHvbw==",
        "dependencies": {
          "Microsoft.AspNetCore.Components": "9.0.0"
        }
      },
      "Microsoft.AspNetCore.Components.Web": {
        "type": "Transitive",
        "resolved": "9.0.0",
        "contentHash": "ZfJwwV05T+268cnJsO6yfi9oXYLe3ATRAEk0VZgBMptA5HVsduIsnFLjhNOYT7+I8NolxDEx1CEW8yKe5xTb6Q==",
        "dependencies": {
          "Microsoft.AspNetCore.Components": "9.0.0",
          "Microsoft.AspNetCore.Components.Forms": "9.0.0",
          "Microsoft.Extensions.DependencyInjection": "9.0.0",
          "Microsoft.Extensions.Primitives": "9.0.0",
          "Microsoft.JSInterop": "9.0.0"
        }
      },
      "Microsoft.AspNetCore.Metadata": {
        "type": "Transitive",
        "resolved": "9.0.0",
        "contentHash": "X81C891nMuWgzNHyZ0C3s+blSDxRHzQHDFYQoOKtFvFuxGq3BbkLbc5CfiCqIzA/sWIfz6u8sGBgwntQwBJWBw=="
      },
      "Microsoft.Extensions.Configuration": {
        "type": "Transitive",
        "resolved": "9.0.0",
        "contentHash": "YIMO9T3JL8MeEXgVozKt2v79hquo/EFtnY0vgxmLnUvk1Rei/halI7kOWZL2RBeV9FMGzgM9LZA8CVaNwFMaNA==",
        "dependencies": {
          "Microsoft.Extensions.Configuration.Abstractions": "9.0.0",
          "Microsoft.Extensions.Primitives": "9.0.0"
        }
      },
      "Microsoft.Extensions.Configuration.Binder": {
        "type": "Transitive",
        "resolved": "9.0.0",
        "contentHash": "RiScL99DcyngY9zJA2ROrri7Br8tn5N4hP4YNvGdTN/bvg1A3dwvDOxHnNZ3Im7x2SJ5i4LkX1uPiR/MfSFBLQ==",
        "dependencies": {
          "Microsoft.Extensions.Configuration.Abstractions": "9.0.0"
        }
      },
      "Microsoft.Extensions.Configuration.FileExtensions": {
        "type": "Transitive",
        "resolved": "9.0.0",
        "contentHash": "4EK93Jcd2lQG4GY6PAw8jGss0ZzFP0vPc1J85mES5fKNuDTqgFXHba9onBw2s18fs3I4vdo2AWyfD1mPAxWSQQ==",
        "dependencies": {
          "Microsoft.Extensions.Configuration": "9.0.0",
          "Microsoft.Extensions.Configuration.Abstractions": "9.0.0",
          "Microsoft.Extensions.FileProviders.Abstractions": "9.0.0",
          "Microsoft.Extensions.FileProviders.Physical": "9.0.0",
          "Microsoft.Extensions.Primitives": "9.0.0"
        }
      },
      "Microsoft.Extensions.Configuration.Json": {
        "type": "Transitive",
        "resolved": "9.0.0",
        "contentHash": "WiTK0LrnsqmedrbzwL7f4ZUo+/wByqy2eKab39I380i2rd8ImfCRMrtkqJVGDmfqlkP/YzhckVOwPc5MPrSNpg==",
        "dependencies": {
          "Microsoft.Extensions.Configuration": "9.0.0",
          "Microsoft.Extensions.Configuration.Abstractions": "9.0.0",
          "Microsoft.Extensions.Configuration.FileExtensions": "9.0.0",
          "Microsoft.Extensions.FileProviders.Abstractions": "9.0.0"
        }
      },
      "Microsoft.Extensions.DependencyInjection": {
        "type": "Transitive",
        "resolved": "9.0.0",
        "contentHash": "MCPrg7v3QgNMr0vX4vzRXvkNGgLg8vKWX0nKCWUxu2uPyMsaRgiRc1tHBnbTcfJMhMKj2slE/j2M9oGkd25DNw==",
        "dependencies": {
          "Microsoft.Extensions.DependencyInjection.Abstractions": "9.0.0"
        }
      },
      "Microsoft.Extensions.FileSystemGlobbing": {
        "type": "Transitive",
        "resolved": "9.0.0",
        "contentHash": "jGFKZiXs2HNseK3NK/rfwHNNovER71jSj4BD1a/649ml9+h6oEtYd0GSALZDNW8jZ2Rh+oAeadOa6sagYW1F2A=="
      },
      "Microsoft.Extensions.Localization": {
        "type": "Transitive",
        "resolved": "8.0.8",
        "contentHash": "n32ZGmc2UOv9R/xsBHQPOxBsqCSAAJSoMtFqoQ8zOegB2P+H6+773OyCWg4jRBkO/3dmCyBJXB0yLAOVW2/C/w==",
        "dependencies": {
          "Microsoft.Extensions.DependencyInjection.Abstractions": "8.0.1",
          "Microsoft.Extensions.Localization.Abstractions": "8.0.8",
          "Microsoft.Extensions.Logging.Abstractions": "8.0.1",
          "Microsoft.Extensions.Options": "8.0.2"
        }
      },
      "Microsoft.Extensions.Localization.Abstractions": {
        "type": "Transitive",
        "resolved": "8.0.8",
        "contentHash": "WYIsqP/A6dH/LWJznrvgoNPc7Q+CUJD0E78765GL3aonBtyFK1BKtPzBvvlnrr3SVqSO2r6xJCLgCEiCMG1gfA=="
      },
      "Microsoft.Extensions.Logging": {
        "type": "Transitive",
        "resolved": "9.0.0",
        "contentHash": "crjWyORoug0kK7RSNJBTeSE6VX8IQgLf3nUpTB9m62bPXp/tzbnOsnbe8TXEG0AASNaKZddnpHKw7fET8E++Pg==",
        "dependencies": {
          "Microsoft.Extensions.DependencyInjection": "9.0.0",
          "Microsoft.Extensions.Logging.Abstractions": "9.0.0",
          "Microsoft.Extensions.Options": "9.0.0"
        }
      },
      "Microsoft.Extensions.Options": {
        "type": "Transitive",
        "resolved": "9.0.0",
        "contentHash": "y2146b3jrPI3Q0lokKXdKLpmXqakYbDIPDV6r3M8SqvSf45WwOTzkyfDpxnZXJsJQEpAsAqjUq5Pu8RCJMjubg==",
        "dependencies": {
          "Microsoft.Extensions.DependencyInjection.Abstractions": "9.0.0",
          "Microsoft.Extensions.Primitives": "9.0.0"
        }
      },
      "Microsoft.Extensions.Primitives": {
        "type": "Transitive",
        "resolved": "9.0.0",
        "contentHash": "N3qEBzmLMYiASUlKxxFIISP4AiwuPTHF5uCh+2CWSwwzAJiIYx0kBJsS30cp1nvhSySFAVi30jecD307jV+8Kg=="
      },
      "Microsoft.JSInterop": {
        "type": "Transitive",
        "resolved": "9.0.0",
        "contentHash": "efQKxKUPe8OuH0hRiYsvBJkhhPzIYFNcr9+3wanQ7Bch/wr1JWNd90GYiPLtkSHepE1zMEoaLkAxi5N5/eyC4Q=="
      },
      "Microsoft.JSInterop.WebAssembly": {
        "type": "Transitive",
        "resolved": "9.0.0",
        "contentHash": "5TjNuiavEVk+4UFTZVOKMlpq1qgYW/Vd6N7lNsHJR9kOlhP6S2GtiKdbLn//Aw/22lx3jDJTkekc54F5S8JC4g==",
        "dependencies": {
          "Microsoft.JSInterop": "9.0.0"
        }
      },
      "NodaTime": {
        "type": "Transitive",
        "resolved": "3.1.6",
        "contentHash": "0ZGOyyLldBHYhFpDi22YcXDuAjj3bI33ChGJyp4/dP2gbhpIIVAKaIgU0h+1oUlh/LgA/UKeyJkWOCW2wHYfIg==",
        "dependencies": {
          "System.Runtime.CompilerServices.Unsafe": "4.7.1"
        }
      },
      "Std.UriTemplate": {
        "type": "Transitive",
        "resolved": "2.0.1",
        "contentHash": "Ix5VXZwLfolwVHyGTSSJl6KIJ2le6E9YjLdZBMS1Xxzw7VJankRvQW8JoUL69tEgfcw+0qjgWrlxANrhvS0QCQ=="
      },
      "System.ComponentModel.Annotations": {
        "type": "Transitive",
        "resolved": "5.0.0",
        "contentHash": "dMkqfy2el8A8/I76n2Hi1oBFEbG1SfxD2l5nhwXV3XjlnOmwxJlQbYpJH4W51odnU9sARCSAgv7S3CyAFMkpYg=="
      },
      "System.Runtime.CompilerServices.Unsafe": {
        "type": "Transitive",
        "resolved": "4.7.1",
        "contentHash": "zOHkQmzPCn5zm/BH+cxC1XbUS3P4Yoi3xzW7eRgVpDR2tPGSzyMZ17Ig1iRkfJuY0nhxkQQde8pgePNiA7z7TQ=="
      },
      "pubnet.auth": {
        "type": "Project",
        "dependencies": {
          "Microsoft.Extensions.Configuration.Abstractions": "[9.0.0, )",
          "Microsoft.Extensions.Logging.Abstractions": "[9.0.0, )",
          "Vogen": "[6.0.0, )"
        }
      },
      "pubnet.client.abstractions": {
        "type": "Project",
        "dependencies": {
          "PubNet.Auth": "[1.0.0, )",
          "PubNet.Client.ApiClient": "[1.0.0, )"
        }
      },
      "pubnet.client.apiclient": {
        "type": "Project",
        "dependencies": {
          "Microsoft.Kiota.Abstractions": "[1.16.1, )",
          "Microsoft.Kiota.Http.HttpClientLibrary": "[1.16.1, )",
          "Microsoft.Kiota.Serialization.Form": "[1.16.1, )",
          "Microsoft.Kiota.Serialization.Json": "[1.16.1, )",
          "Microsoft.Kiota.Serialization.Multipart": "[1.16.1, )",
          "Microsoft.Kiota.Serialization.Text": "[1.16.1, )"
        }
      },
      "pubnet.client.extensions": {
        "type": "Project",
        "dependencies": {
          "PubNet.Client.Abstractions": "[1.0.0, )"
        }
      },
      "pubnet.client.services": {
        "type": "Project",
        "dependencies": {
          "Microsoft.Extensions.DependencyInjection.Abstractions": "[9.0.0, )",
          "Microsoft.Extensions.Logging.Abstractions": "[9.0.0, )",
          "Microsoft.Kiota.Abstractions": "[1.16.1, )",
          "PubNet.Client.Abstractions": "[1.0.0, )",
          "PubNet.Client.ApiClient": "[1.0.0, )"
        }
      },
      "Microsoft.Extensions.Configuration.Abstractions": {
        "type": "CentralTransitive",
        "requested": "[9.0.0, )",
        "resolved": "9.0.0",
        "contentHash": "lqvd7W3FGKUO1+ZoUEMaZ5XDJeWvjpy2/M/ptCGz3tXLD4HWVaSzjufsAsjemasBEg+2SxXVtYVvGt5r2nKDlg==",
        "dependencies": {
          "Microsoft.Extensions.Primitives": "9.0.0"
        }
      },
      "Microsoft.Extensions.DependencyInjection.Abstractions": {
        "type": "CentralTransitive",
        "requested": "[9.0.0, )",
        "resolved": "9.0.0",
        "contentHash": "+6f2qv2a3dLwd5w6JanPIPs47CxRbnk+ZocMJUhv9NxP88VlOcJYZs9jY+MYSjxvady08bUZn6qgiNh7DadGgg=="
      },
      "Microsoft.Extensions.FileProviders.Abstractions": {
        "type": "CentralTransitive",
        "requested": "[9.0.0, )",
        "resolved": "9.0.0",
        "contentHash": "uK439QzYR0q2emLVtYzwyK3x+T5bTY4yWsd/k/ZUS9LR6Sflp8MIdhGXW8kQCd86dQD4tLqvcbLkku8qHY263Q==",
        "dependencies": {
          "Microsoft.Extensions.Primitives": "9.0.0"
        }
      },
      "Microsoft.Extensions.FileProviders.Physical": {
        "type": "CentralTransitive",
        "requested": "[9.0.0, )",
        "resolved": "9.0.0",
        "contentHash": "3+ZUSpOSmie+o8NnLIRqCxSh65XL/ExU7JYnFOg58awDRlY3lVpZ9A369jkoZL1rpsq7LDhEfkn2ghhGaY1y5Q==",
        "dependencies": {
          "Microsoft.Extensions.FileProviders.Abstractions": "9.0.0",
          "Microsoft.Extensions.FileSystemGlobbing": "9.0.0",
          "Microsoft.Extensions.Primitives": "9.0.0"
        }
      },
      "Microsoft.Extensions.Logging.Abstractions": {
        "type": "CentralTransitive",
        "requested": "[9.0.0, )",
        "resolved": "9.0.0",
        "contentHash": "g0UfujELzlLbHoVG8kPKVBaW470Ewi+jnptGS9KUi6jcb+k2StujtK3m26DFSGGwQ/+bVgZfsWqNzlP6YOejvw==",
        "dependencies": {
          "Microsoft.Extensions.DependencyInjection.Abstractions": "9.0.0"
        }
      },
      "Microsoft.Kiota.Abstractions": {
        "type": "CentralTransitive",
        "requested": "[1.16.1, )",
        "resolved": "1.16.1",
        "contentHash": "GJmceZyMhgXJX4MFF0k5pmLKh0Dxuvbi9Kl3t0hQl70uJzLncGMQNewFp95QGYS9qRL0u4ib2bxP6H+ZDmtKSA==",
        "dependencies": {
          "Std.UriTemplate": "2.0.1"
        }
      },
      "Microsoft.Kiota.Http.HttpClientLibrary": {
        "type": "CentralTransitive",
        "requested": "[1.16.1, )",
        "resolved": "1.16.1",
        "contentHash": "TO/Nf2FTdrJdg1XsROvfrOvN0APkSROmXfWQNyyEmyDOxdMWBMKt0c8LtBhnxR23moVNesDT/x9F8Ceeyle99w==",
        "dependencies": {
          "Microsoft.Kiota.Abstractions": "1.16.1"
        }
      },
      "Microsoft.Kiota.Serialization.Form": {
        "type": "CentralTransitive",
        "requested": "[1.16.1, )",
        "resolved": "1.16.1",
        "contentHash": "hNWePWwA/Kj5ne/de90Krv3XigXBi4SZ8rtEoYQRmawtJT9hVwh8UMR1TXhHKfVRblN6NflehKJVrXNDNe+53Q==",
        "dependencies": {
          "Microsoft.Kiota.Abstractions": "1.16.1"
        }
      },
      "Microsoft.Kiota.Serialization.Json": {
        "type": "CentralTransitive",
        "requested": "[1.16.1, )",
        "resolved": "1.16.1",
        "contentHash": "U3En77LexFV5iZOJH6EUdatJwEEoFNAPNvC7ytGDfANg+jyNq0i9ni11BNeJehQ+y11GyVSK+4fbSmxTANrC0w==",
        "dependencies": {
          "Microsoft.Kiota.Abstractions": "1.16.1"
        }
      },
      "Microsoft.Kiota.Serialization.Multipart": {
        "type": "CentralTransitive",
        "requested": "[1.16.1, )",
        "resolved": "1.16.1",
        "contentHash": "J1lwbuD+RuRc1fy0ENEfs8BKpiqK34ymj5O3ow2HsgWMiBvUJNHC1+BOpr3X3eOgqAXkar+nhplDdikR9U0WMQ==",
        "dependencies": {
          "Microsoft.Kiota.Abstractions": "1.16.1"
        }
      },
      "Microsoft.Kiota.Serialization.Text": {
        "type": "CentralTransitive",
        "requested": "[1.16.1, )",
        "resolved": "1.16.1",
        "contentHash": "UdZGWU1isExkXYAzm3ANfeze/L1R4RjYEEm5pumnVqIcMgshcr7aNBw6ko885y56oZtK4v2m2S34LTI/JQMlCQ==",
        "dependencies": {
          "Microsoft.Kiota.Abstractions": "1.16.1"
        }
      },
      "Vogen": {
        "type": "CentralTransitive",
        "requested": "[6.0.0, )",
        "resolved": "6.0.0",
        "contentHash": "HDeCgFmyu9IgM40AWOvB0ieuoLVHSYE4EN6uQNv7bVkUnaZnn6GeGDMIb/zvfOJbtyIEn411eQ8g+iIrzCM4ng=="
      }
    },
    "net9.0/browser-wasm": {
      "System.Text.Encodings.Web": {
        "type": "Direct",
        "requested": "[9.0.0, )",
        "resolved": "9.0.0",
        "contentHash": "e2hMgAErLbKyUUwt18qSBf9T5Y+SFAL3ZedM8fLupkVj8Rj2PZ9oxQ37XX2LF8fTO1wNIxvKpihD7Of7D/NxZw=="
      }
    }
  }
}