{
  "version": 2,
  "dependencies": {
    "net9.0": {
      "Microsoft.Extensions.DependencyInjection.Abstractions": {
        "type": "Direct",
        "requested": "[9.0.1, )",
        "resolved": "9.0.1",
        "contentHash": "Tr74eP0oQ3AyC24ch17N8PuEkrPbD0JqIfENCYqmgKYNOmL8wQKzLJu3ObxTUDrjnn4rHoR1qKa37/eQyHmCDA=="
      },
      "Microsoft.Extensions.Logging.Abstractions": {
        "type": "Direct",
        "requested": "[9.0.1, )",
        "resolved": "9.0.1",
        "contentHash": "w2gUqXN/jNIuvqYwX3lbXagsizVNXYyt6LlF57+tMve4JYCEgCMMAjRce6uKcDASJgpMbErRT1PfHy2OhbkqEA==",
        "dependencies": {
          "Microsoft.Extensions.DependencyInjection.Abstractions": "9.0.1"
        }
      },
      "Microsoft.Kiota.Abstractions": {
        "type": "Direct",
        "requested": "[1.16.4, )",
        "resolved": "1.16.4",
        "contentHash": "pLQcH9tYRPA3CCsrqFUajUUaR8UmsqPmQExigpOfdaFvUXuMauUcCqxVnRGVnN002HqtOdsc/zKVewj6tFD6Dg==",
        "dependencies": {
          "Std.UriTemplate": "2.0.1"
        }
      },
      "System.Text.Encodings.Web": {
        "type": "Direct",
        "requested": "[9.0.0, )",
        "resolved": "9.0.0",
        "contentHash": "e2hMgAErLbKyUUwt18qSBf9T5Y+SFAL3ZedM8fLupkVj8Rj2PZ9oxQ37XX2LF8fTO1wNIxvKpihD7Of7D/NxZw=="
      },
      "Microsoft.Extensions.Primitives": {
        "type": "Transitive",
        "resolved": "9.0.1",
        "contentHash": "bHtTesA4lrSGD1ZUaMIx6frU3wyy0vYtTa/hM6gGQu5QNrydObv8T5COiGUWsisflAfmsaFOe9Xvw5NSO99z0g=="
      },
      "Std.UriTemplate": {
        "type": "Transitive",
        "resolved": "2.0.1",
        "contentHash": "Ix5VXZwLfolwVHyGTSSJl6KIJ2le6E9YjLdZBMS1Xxzw7VJankRvQW8JoUL69tEgfcw+0qjgWrlxANrhvS0QCQ=="
      },
      "pubnet.auth": {
        "type": "Project",
        "dependencies": {
          "Microsoft.Extensions.Configuration.Abstractions": "[9.0.1, )",
          "Microsoft.Extensions.Logging.Abstractions": "[9.0.1, )",
          "Vogen": "[6.0.0, )"
        }
      },
      "pubnet.client.abstractions": {
        "type": "Project",
        "dependencies": {
          "PubNet.Auth": "[1.0.0, )",
          "PubNet.Client.ApiClient": "[1.0.0, )"
        }
      },
      "pubnet.client.apiclient": {
        "type": "Project",
        "dependencies": {
          "Microsoft.Kiota.Abstractions": "[1.16.4, )",
          "Microsoft.Kiota.Http.HttpClientLibrary": "[1.16.4, )",
          "Microsoft.Kiota.Serialization.Form": "[1.16.4, )",
          "Microsoft.Kiota.Serialization.Json": "[1.16.4, )",
          "Microsoft.Kiota.Serialization.Multipart": "[1.16.4, )",
          "Microsoft.Kiota.Serialization.Text": "[1.16.4, )"
        }
      },
      "Microsoft.Extensions.Configuration.Abstractions": {
        "type": "CentralTransitive",
        "requested": "[9.0.1, )",
        "resolved": "9.0.1",
        "contentHash": "+4hfFIY1UjBCXFTTOd+ojlDPq6mep3h5Vq5SYE3Pjucr7dNXmq4S/6P/LoVnZFz2e/5gWp/om4svUFgznfULcA==",
        "dependencies": {
          "Microsoft.Extensions.Primitives": "9.0.1"
        }
      },
      "Microsoft.Kiota.Http.HttpClientLibrary": {
        "type": "CentralTransitive",
        "requested": "[1.16.4, )",
        "resolved": "1.16.4",
        "contentHash": "5qf2xS5gXgO842V/tTiNqEt5VaMENWm23KMznl8SUl+UWkBeN55KKY0abRrQrw56igkwJJG6ReBwZoPQtwqHDg==",
        "dependencies": {
          "Microsoft.Kiota.Abstractions": "1.16.4"
        }
      },
      "Microsoft.Kiota.Serialization.Form": {
        "type": "CentralTransitive",
        "requested": "[1.16.4, )",
        "resolved": "1.16.4",
        "contentHash": "P/fnIzYON3qArN3a3dFtSXKxG2hf1K8Iq8RLesQIc0naMwFDYq4SSE3JcRNJ9YQQUOHKcoeRdP29BpkCFkbrhg==",
        "dependencies": {
          "Microsoft.Kiota.Abstractions": "1.16.4"
        }
      },
      "Microsoft.Kiota.Serialization.Json": {
        "type": "CentralTransitive",
        "requested": "[1.16.4, )",
        "resolved": "1.16.4",
        "contentHash": "WXRv4dhjwDcky+27MX6Q4L96s38ChhPSqdgOENhDsEHAZiN/YYjq1IBvQk31fnxJraqyJR/IbG84c51B1gNhJw==",
        "dependencies": {
          "Microsoft.Kiota.Abstractions": "1.16.4"
        }
      },
      "Microsoft.Kiota.Serialization.Multipart": {
        "type": "CentralTransitive",
        "requested": "[1.16.4, )",
        "resolved": "1.16.4",
        "contentHash": "QgY2Ckeipd53H5dyPv9v8far2BAPMa4dVNnLFd/m3uS7nQWi9ammB3Aj/cBArIeUvG1bznahCf9Tx2bDdtPGhQ==",
        "dependencies": {
          "Microsoft.Kiota.Abstractions": "1.16.4"
        }
      },
      "Microsoft.Kiota.Serialization.Text": {
        "type": "CentralTransitive",
        "requested": "[1.16.4, )",
        "resolved": "1.16.4",
        "contentHash": "TkThf7kvYwcGLW9OlxCkfppjJzV/YOrUfZhK8YYKshPwfOrsw4AkH35oUx/seC9pxxzb9xKecMHJ2GstunD53Q==",
        "dependencies": {
          "Microsoft.Kiota.Abstractions": "1.16.4"
        }
      },
      "Vogen": {
        "type": "CentralTransitive",
        "requested": "[6.0.0, )",
        "resolved": "6.0.0",
        "contentHash": "HDeCgFmyu9IgM40AWOvB0ieuoLVHSYE4EN6uQNv7bVkUnaZnn6GeGDMIb/zvfOJbtyIEn411eQ8g+iIrzCM4ng=="
      }
    }
  }
}