{
  "version": 2,
  "dependencies": {
    "net9.0": {
      "Microsoft.Extensions.DependencyInjection.Abstractions": {
        "type": "Direct",
        "requested": "[9.0.0, )",
        "resolved": "9.0.0",
        "contentHash": "+6f2qv2a3dLwd5w6JanPIPs47CxRbnk+ZocMJUhv9NxP88VlOcJYZs9jY+MYSjxvady08bUZn6qgiNh7DadGgg=="
      },
      "Microsoft.Extensions.Logging.Abstractions": {
        "type": "Direct",
        "requested": "[9.0.0, )",
        "resolved": "9.0.0",
        "contentHash": "g0UfujELzlLbHoVG8kPKVBaW470Ewi+jnptGS9KUi6jcb+k2StujtK3m26DFSGGwQ/+bVgZfsWqNzlP6YOejvw==",
        "dependencies": {
          "Microsoft.Extensions.DependencyInjection.Abstractions": "9.0.0"
        }
      },
      "Microsoft.Kiota.Abstractions": {
        "type": "Direct",
        "requested": "[1.16.1, )",
        "resolved": "1.16.1",
        "contentHash": "GJmceZyMhgXJX4MFF0k5pmLKh0Dxuvbi9Kl3t0hQl70uJzLncGMQNewFp95QGYS9qRL0u4ib2bxP6H+ZDmtKSA==",
        "dependencies": {
          "Std.UriTemplate": "2.0.1"
        }
      },
      "Microsoft.NET.ILLink.Tasks": {
        "type": "Direct",
        "requested": "[8.0.12, )",
        "resolved": "8.0.12",
        "contentHash": "FV4HnQ3JI15PHnJ5PGTbz+rYvrih42oLi/7UMIshNwCwUZhTq13UzrggtXk4ygrcMcN+4jsS6hhshx2p/Zd0ig=="
      },
      "System.Text.Encodings.Web": {
        "type": "Direct",
        "requested": "[9.0.0, )",
        "resolved": "9.0.0",
        "contentHash": "e2hMgAErLbKyUUwt18qSBf9T5Y+SFAL3ZedM8fLupkVj8Rj2PZ9oxQ37XX2LF8fTO1wNIxvKpihD7Of7D/NxZw=="
      },
      "Microsoft.Extensions.Primitives": {
        "type": "Transitive",
        "resolved": "9.0.0",
        "contentHash": "N3qEBzmLMYiASUlKxxFIISP4AiwuPTHF5uCh+2CWSwwzAJiIYx0kBJsS30cp1nvhSySFAVi30jecD307jV+8Kg=="
      },
      "Std.UriTemplate": {
        "type": "Transitive",
        "resolved": "2.0.1",
        "contentHash": "Ix5VXZwLfolwVHyGTSSJl6KIJ2le6E9YjLdZBMS1Xxzw7VJankRvQW8JoUL69tEgfcw+0qjgWrlxANrhvS0QCQ=="
      },
      "pubnet.auth": {
        "type": "Project",
        "dependencies": {
          "Microsoft.Extensions.Configuration.Abstractions": "[9.0.0, )",
          "Microsoft.Extensions.Logging.Abstractions": "[9.0.0, )",
          "Vogen": "[6.0.0, )"
        }
      },
      "pubnet.client.abstractions": {
        "type": "Project",
        "dependencies": {
          "PubNet.Auth": "[1.0.0, )",
          "PubNet.Client.ApiClient": "[1.0.0, )"
        }
      },
      "pubnet.client.apiclient": {
        "type": "Project",
        "dependencies": {
          "Microsoft.Kiota.Abstractions": "[1.16.1, )",
          "Microsoft.Kiota.Http.HttpClientLibrary": "[1.16.1, )",
          "Microsoft.Kiota.Serialization.Form": "[1.16.1, )",
          "Microsoft.Kiota.Serialization.Json": "[1.16.1, )",
          "Microsoft.Kiota.Serialization.Multipart": "[1.16.1, )",
          "Microsoft.Kiota.Serialization.Text": "[1.16.1, )"
        }
      },
      "Microsoft.Extensions.Configuration.Abstractions": {
        "type": "CentralTransitive",
        "requested": "[9.0.0, )",
        "resolved": "9.0.0",
        "contentHash": "lqvd7W3FGKUO1+ZoUEMaZ5XDJeWvjpy2/M/ptCGz3tXLD4HWVaSzjufsAsjemasBEg+2SxXVtYVvGt5r2nKDlg==",
        "dependencies": {
          "Microsoft.Extensions.Primitives": "9.0.0"
        }
      },
      "Microsoft.Kiota.Http.HttpClientLibrary": {
        "type": "CentralTransitive",
        "requested": "[1.16.1, )",
        "resolved": "1.16.1",
        "contentHash": "TO/Nf2FTdrJdg1XsROvfrOvN0APkSROmXfWQNyyEmyDOxdMWBMKt0c8LtBhnxR23moVNesDT/x9F8Ceeyle99w==",
        "dependencies": {
          "Microsoft.Kiota.Abstractions": "1.16.1"
        }
      },
      "Microsoft.Kiota.Serialization.Form": {
        "type": "CentralTransitive",
        "requested": "[1.16.1, )",
        "resolved": "1.16.1",
        "contentHash": "hNWePWwA/Kj5ne/de90Krv3XigXBi4SZ8rtEoYQRmawtJT9hVwh8UMR1TXhHKfVRblN6NflehKJVrXNDNe+53Q==",
        "dependencies": {
          "Microsoft.Kiota.Abstractions": "1.16.1"
        }
      },
      "Microsoft.Kiota.Serialization.Json": {
        "type": "CentralTransitive",
        "requested": "[1.16.1, )",
        "resolved": "1.16.1",
        "contentHash": "U3En77LexFV5iZOJH6EUdatJwEEoFNAPNvC7ytGDfANg+jyNq0i9ni11BNeJehQ+y11GyVSK+4fbSmxTANrC0w==",
        "dependencies": {
          "Microsoft.Kiota.Abstractions": "1.16.1"
        }
      },
      "Microsoft.Kiota.Serialization.Multipart": {
        "type": "CentralTransitive",
        "requested": "[1.16.1, )",
        "resolved": "1.16.1",
        "contentHash": "J1lwbuD+RuRc1fy0ENEfs8BKpiqK34ymj5O3ow2HsgWMiBvUJNHC1+BOpr3X3eOgqAXkar+nhplDdikR9U0WMQ==",
        "dependencies": {
          "Microsoft.Kiota.Abstractions": "1.16.1"
        }
      },
      "Microsoft.Kiota.Serialization.Text": {
        "type": "CentralTransitive",
        "requested": "[1.16.1, )",
        "resolved": "1.16.1",
        "contentHash": "UdZGWU1isExkXYAzm3ANfeze/L1R4RjYEEm5pumnVqIcMgshcr7aNBw6ko885y56oZtK4v2m2S34LTI/JQMlCQ==",
        "dependencies": {
          "Microsoft.Kiota.Abstractions": "1.16.1"
        }
      },
      "Vogen": {
        "type": "CentralTransitive",
        "requested": "[6.0.0, )",
        "resolved": "6.0.0",
        "contentHash": "HDeCgFmyu9IgM40AWOvB0ieuoLVHSYE4EN6uQNv7bVkUnaZnn6GeGDMIb/zvfOJbtyIEn411eQ8g+iIrzCM4ng=="
      }
    }
  }
}