{
  "version": 2,
  "dependencies": {
    "net9.0": {
      "GitVersion.MsBuild": {
        "type": "Direct",
        "requested": "[5.12.0, 6.0.0)",
        "resolved": "5.12.0",
        "contentHash": "dJuigXycpJNOiLT9or7mkHSkGFHgGW3/p6cNNYEKZBa7Hhp1FdX/cvqYWWYhRLpfoZOedeA7aRbYiOB3vW/dvA=="
      },
      "Microsoft.AspNetCore.Authentication.Google": {
        "type": "Direct",
        "requested": "[9.0.0, )",
        "resolved": "9.0.0",
        "contentHash": "aO8Yeg1BaWGdWuLOZXAOxq9zYTSXObsYs75SlayR5ntPVQGyVXzvvn2NhrDdyonmz/z7Q86qZhdr42Cq1gMcNA=="
      },
      "Microsoft.AspNetCore.Authentication.JwtBearer": {
        "type": "Direct",
        "requested": "[9.0.0, )",
        "resolved": "9.0.0",
        "contentHash": "bs+1Pq3vQdS2lTyxNUd9fEhtMsq3eLUpK36k2t56iDMVrk6OrAoFtvrQrTK0Y0OetTcJrUkGU7hBlf+ORzHLqQ==",
        "dependencies": {
          "Microsoft.IdentityModel.Protocols.OpenIdConnect": "8.0.1"
        }
      },
      "Microsoft.AspNetCore.OpenApi": {
        "type": "Direct",
        "requested": "[9.0.0, )",
        "resolved": "9.0.0",
        "contentHash": "FqUK5j1EOPNuFT7IafltZQ3cakqhSwVzH5ZW1MhZDe4pPXs9sJ2M5jom1Omsu+mwF2tNKKlRAzLRHQTZzbd+6Q==",
        "dependencies": {
          "Microsoft.OpenApi": "1.6.17"
        }
      },
      "Microsoft.EntityFrameworkCore": {
        "type": "Direct",
        "requested": "[9.0.0-rc.2.24474.1, )",
        "resolved": "9.0.0-rc.2.24474.1",
        "contentHash": "m8jrD1KGxfKUozC5uKGv5UI/lASpihd5yj8hOYlB3GcYcxZbNoO1mQN85xuPwhm3pVpCpmdzvSdbJnJ9UmLDkQ==",
        "dependencies": {
          "Microsoft.EntityFrameworkCore.Abstractions": "9.0.0-rc.2.24474.1",
          "Microsoft.EntityFrameworkCore.Analyzers": "9.0.0-rc.2.24474.1",
          "Microsoft.Extensions.Caching.Memory": "9.0.0-rc.2.24473.5",
          "Microsoft.Extensions.Logging": "9.0.0-rc.2.24473.5"
        }
      },
      "Microsoft.EntityFrameworkCore.Proxies": {
        "type": "Direct",
        "requested": "[9.0.0-rc.2.24474.1, )",
        "resolved": "9.0.0-rc.2.24474.1",
        "contentHash": "4uQUxyVOmriI4flFmdmN8mYISoVw9I7dDmiQ9PVcghnLCp8vl5BKNN+nfJ+VZ13cFE9BVzr1EMlIKYG/MheetQ==",
        "dependencies": {
          "Castle.Core": "5.1.1",
          "Microsoft.EntityFrameworkCore": "9.0.0-rc.2.24474.1",
          "Microsoft.Extensions.Caching.Memory": "9.0.0-rc.2.24473.5",
          "Microsoft.Extensions.Logging": "9.0.0-rc.2.24473.5"
        }
      },
      "Microsoft.Extensions.ApiDescription.Server": {
        "type": "Direct",
        "requested": "[9.0.0, )",
        "resolved": "9.0.0",
        "contentHash": "1Kzzf7pRey40VaUkHN9/uWxrKVkLu2AQjt+GVeeKLLpiEHAJ1xZRsLSh4ZZYEnyS7Kt2OBOPmsXNdU+wbcOl5w=="
      },
      "NuGet.Packaging": {
        "type": "Direct",
        "requested": "[6.12.1, )",
        "resolved": "6.12.1",
        "contentHash": "6s5NO3VNX6fIx6GwuWZtIsal9W1xkelYd3Vg2KUAg1zGqnKC3wB5IZlombvVGVGcwyl/A+iDvpUwSvgeDoB3wA==",
        "dependencies": {
          "Newtonsoft.Json": "13.0.3",
          "NuGet.Configuration": "6.12.1",
          "NuGet.Versioning": "6.12.1",
          "System.Formats.Asn1": "8.0.1",
          "System.Security.Cryptography.Pkcs": "6.0.4"
        }
      },
      "Scalar.AspNetCore": {
        "type": "Direct",
        "requested": "[1.2.36, )",
        "resolved": "1.2.36",
        "contentHash": "42HewTpLYTmDMs6ChI7HduMnfhuIQfq/fhgmxU98TiWaKFfFjyhLmAt3vjVew8kPMGyHuili+o6ZC/kIHc+rzw=="
      },
      "Serilog.AspNetCore": {
        "type": "Direct",
        "requested": "[8.0.3, )",
        "resolved": "8.0.3",
        "contentHash": "Y5at41mc0OV982DEJslBKHd6uzcWO6POwR3QceJ6gtpMPxCzm4+FElGPF0RdaTD7MGsP6XXE05LMbSi0NO+sXg==",
        "dependencies": {
          "Microsoft.Extensions.Logging": "8.0.0",
          "Serilog": "3.1.1",
          "Serilog.Extensions.Hosting": "8.0.0",
          "Serilog.Formatting.Compact": "2.0.0",
          "Serilog.Settings.Configuration": "8.0.4",
          "Serilog.Sinks.Console": "5.0.0",
          "Serilog.Sinks.Debug": "2.0.0",
          "Serilog.Sinks.File": "5.0.0"
        }
      },
      "Serilog.Sinks.Seq": {
        "type": "Direct",
        "requested": "[8.0.0, )",
        "resolved": "8.0.0",
        "contentHash": "z5ig56/qzjkX6Fj4U/9m1g8HQaQiYPMZS4Uevtjg1I+WWzoGSf5t/E+6JbMP/jbZYhU63bA5NJN5y0x+qqx2Bw==",
        "dependencies": {
          "Serilog": "4.0.0",
          "Serilog.Sinks.File": "5.0.0"
        }
      },
      "SerilogAnalyzer": {
        "type": "Direct",
        "requested": "[0.15.0, )",
        "resolved": "0.15.0",
        "contentHash": "sVpwfls4MfNnwIXLSGCgaUnV+c9kgJ8ia6GsyRcpd4Vs3gLogSDtSYBYrre2K2u/PNMo8GgG09RehwVnze70Tw=="
      },
      "SignedUrl.Extensions": {
        "type": "Direct",
        "requested": "[1.2.0, )",
        "resolved": "1.2.0",
        "contentHash": "RU1wZIgLzQ3yFRh29cJlbKnkcBWxktyMhazncRJTWTwMonKYJQfhGt0ohKcCI8+fy8l9BesyFeFCTbKyRFvncg==",
        "dependencies": {
          "Microsoft.Extensions.DependencyInjection.Abstractions": "8.0.0",
          "SignedUrl": "1.2.0",
          "SignedUrl.Abstractions": "1.2.0",
          "SignedUrl.AspNet": "1.2.0"
        }
      },
      "System.Text.Encodings.Web": {
        "type": "Direct",
        "requested": "[9.0.0, )",
        "resolved": "9.0.0",
        "contentHash": "e2hMgAErLbKyUUwt18qSBf9T5Y+SFAL3ZedM8fLupkVj8Rj2PZ9oxQ37XX2LF8fTO1wNIxvKpihD7Of7D/NxZw=="
      },
      "Castle.Core": {
        "type": "Transitive",
        "resolved": "5.1.1",
        "contentHash": "rpYtIczkzGpf+EkZgDr9CClTdemhsrwA/W5hMoPjLkRFnXzH44zDLoovXeKtmxb1ykXK9aJVODSpiJml8CTw2g==",
        "dependencies": {
          "System.Diagnostics.EventLog": "6.0.0"
        }
      },
      "DartLang.PubSpec": {
        "type": "Transitive",
        "resolved": "3.0.1",
        "contentHash": "Y5HeHxmwXPO2JL0XMDV7XPQC2B7MQ3Qyr2qyQmo4DvkCU1hXb+HDEy5RmcInmtIfP7oCVWmbMk+ONDmG5hF+Xw==",
        "dependencies": {
          "Semver": "3.0.0"
        }
      },
      "Microsoft.AspNetCore.Cryptography.Internal": {
        "type": "Transitive",
        "resolved": "9.0.0",
        "contentHash": "M1dzTEl+2+RqT4vWcqEpWasPXHd58wC93U7QMlmPSmx+qixyVxCQjZ183wr7Wa68b4pF7wC501MU9rdA0ZNhMg=="
      },
      "Microsoft.AspNetCore.Cryptography.KeyDerivation": {
        "type": "Transitive",
        "resolved": "9.0.0",
        "contentHash": "9X4cx2IHNpYb9ka984BjDpJnKkindW17Z2kR/RI5pbTcbVUVMJjiAKnBhAqH24KtAEf1AU64LD60byzCn0/n8w==",
        "dependencies": {
          "Microsoft.AspNetCore.Cryptography.Internal": "9.0.0"
        }
      },
      "Microsoft.AspNetCore.DataProtection.Abstractions": {
        "type": "Transitive",
        "resolved": "8.0.0",
        "contentHash": "ObNtj57DXbIIVAhNSKA6/c1/EaW35Dct480dzZ9NPXZ2fw3Z5FS/xiKKC7+1R2PBwt2Vw7a2Amu1tNvBKwyFNQ=="
      },
      "Microsoft.AspNetCore.Http.Abstractions": {
        "type": "Transitive",
        "resolved": "2.2.0",
        "contentHash": "Nxs7Z1q3f1STfLYKJSVXCs1iBl+Ya6E8o4Oy1bCxJ/rNI44E/0f6tbsrVqAWfB7jlnJfyaAtIalBVxPKUPQb4Q==",
        "dependencies": {
          "Microsoft.AspNetCore.Http.Features": "2.2.0",
          "System.Text.Encodings.Web": "4.5.0"
        }
      },
      "Microsoft.AspNetCore.Http.Features": {
        "type": "Transitive",
        "resolved": "2.2.0",
        "contentHash": "ziFz5zH8f33En4dX81LW84I6XrYXKf9jg6aM39cM+LffN9KJahViKZ61dGMSO2gd3e+qe5yBRwsesvyqlZaSMg==",
        "dependencies": {
          "Microsoft.Extensions.Primitives": "2.2.0"
        }
      },
      "Microsoft.Bcl.TimeProvider": {
        "type": "Transitive",
        "resolved": "8.0.1",
        "contentHash": "C7kWHJnMRY7EvJev2S8+yJHZ1y7A4ZlLbA4NE+O23BDIAN5mHeqND1m+SKv1ChRS5YlCDW7yAMUe7lttRsJaAA=="
      },
      "Microsoft.Build.Tasks.Git": {
        "type": "Transitive",
        "resolved": "8.0.0",
        "contentHash": "bZKfSIKJRXLTuSzLudMFte/8CempWjVamNUR5eHJizsy+iuOuO/k2gnh7W0dHJmYY0tBf+gUErfluCv5mySAOQ=="
      },
      "Microsoft.EntityFrameworkCore.Abstractions": {
        "type": "Transitive",
        "resolved": "9.0.0-rc.2.24474.1",
        "contentHash": "miz6e1KslVmzyAp6GzDfwpZYlhIsl6xmP34FLVGOyJb8DiB7XEHUhWwDnM0WscPwP4Dj8Y+CP0qetLETGYSS2Q=="
      },
      "Microsoft.EntityFrameworkCore.Analyzers": {
        "type": "Transitive",
        "resolved": "9.0.0-rc.2.24474.1",
        "contentHash": "nEy8VloXIATmnZNbBpXMFn85vQ69UIskefPRuQ4Ns7H5Qqn8hILrERjYjW7XEhAcMBkAOXwSBDhoJHROOBStPA=="
      },
      "Microsoft.Extensions.Caching.Abstractions": {
        "type": "Transitive",
        "resolved": "9.0.0-rc.2.24473.5",
        "contentHash": "7HrtHGMfGtyDZaDoM+gODjbljBHhTBCGyvzVlDNoN8jHfwkN/aqNcPE7ulLyU/zwannCVVrYteK2UMMoGjDOJQ==",
        "dependencies": {
          "Microsoft.Extensions.Primitives": "9.0.0-rc.2.24473.5"
        }
      },
      "Microsoft.Extensions.Caching.Memory": {
        "type": "Transitive",
        "resolved": "9.0.0-rc.2.24473.5",
        "contentHash": "4lkpVHDX4Twm/1cO8e2HZ8KPaU/y+XsaONqxWls0Le2v3psp2AZmHDKju7UtGQR6BUFdN3aADsguUz+fgMWO5g==",
        "dependencies": {
          "Microsoft.Extensions.Caching.Abstractions": "9.0.0-rc.2.24473.5",
          "Microsoft.Extensions.DependencyInjection.Abstractions": "9.0.0-rc.2.24473.5",
          "Microsoft.Extensions.Logging.Abstractions": "9.0.0-rc.2.24473.5",
          "Microsoft.Extensions.Options": "9.0.0-rc.2.24473.5",
          "Microsoft.Extensions.Primitives": "9.0.0-rc.2.24473.5"
        }
      },
      "Microsoft.Extensions.Configuration.Binder": {
        "type": "Transitive",
        "resolved": "8.0.0",
        "contentHash": "mBMoXLsr5s1y2zOHWmKsE9veDcx8h1x/c3rz4baEdQKTeDcmQAPNbB54Pi/lhFO3K431eEq6PFbMgLaa6PHFfA==",
        "dependencies": {
          "Microsoft.Extensions.Configuration.Abstractions": "8.0.0"
        }
      },
      "Microsoft.Extensions.DependencyInjection": {
        "type": "Transitive",
        "resolved": "9.0.0",
        "contentHash": "MCPrg7v3QgNMr0vX4vzRXvkNGgLg8vKWX0nKCWUxu2uPyMsaRgiRc1tHBnbTcfJMhMKj2slE/j2M9oGkd25DNw==",
        "dependencies": {
          "Microsoft.Extensions.DependencyInjection.Abstractions": "9.0.0"
        }
      },
      "Microsoft.Extensions.DependencyModel": {
        "type": "Transitive",
        "resolved": "8.0.2",
        "contentHash": "mUBDZZRgZrSyFOsJ2qJJ9fXfqd/kXJwf3AiDoqLD9m6TjY5OO/vLNOb9fb4juC0487eq4hcGN/M2Rh/CKS7QYw=="
      },
      "Microsoft.Extensions.Diagnostics.Abstractions": {
        "type": "Transitive",
        "resolved": "8.0.0",
        "contentHash": "JHYCQG7HmugNYUhOl368g+NMxYE/N/AiclCYRNlgCY9eVyiBkOHMwK4x60RYMxv9EL3+rmj1mqHvdCiPpC+D4Q==",
        "dependencies": {
          "Microsoft.Extensions.DependencyInjection.Abstractions": "8.0.0",
          "Microsoft.Extensions.Options": "8.0.0",
          "System.Diagnostics.DiagnosticSource": "8.0.0"
        }
      },
      "Microsoft.Extensions.FileSystemGlobbing": {
        "type": "Transitive",
        "resolved": "9.0.0",
        "contentHash": "jGFKZiXs2HNseK3NK/rfwHNNovER71jSj4BD1a/649ml9+h6oEtYd0GSALZDNW8jZ2Rh+oAeadOa6sagYW1F2A=="
      },
      "Microsoft.Extensions.Hosting.Abstractions": {
        "type": "Transitive",
        "resolved": "8.0.0",
        "contentHash": "AG7HWwVRdCHlaA++1oKDxLsXIBxmDpMPb3VoyOoAghEWnkUvEAdYQUwnV4jJbAaa/nMYNiEh5ByoLauZBEiovg==",
        "dependencies": {
          "Microsoft.Extensions.Configuration.Abstractions": "8.0.0",
          "Microsoft.Extensions.DependencyInjection.Abstractions": "8.0.0",
          "Microsoft.Extensions.Diagnostics.Abstractions": "8.0.0",
          "Microsoft.Extensions.FileProviders.Abstractions": "8.0.0",
          "Microsoft.Extensions.Logging.Abstractions": "8.0.0"
        }
      },
      "Microsoft.Extensions.Logging": {
        "type": "Transitive",
        "resolved": "9.0.0",
        "contentHash": "crjWyORoug0kK7RSNJBTeSE6VX8IQgLf3nUpTB9m62bPXp/tzbnOsnbe8TXEG0AASNaKZddnpHKw7fET8E++Pg==",
        "dependencies": {
          "Microsoft.Extensions.DependencyInjection": "9.0.0",
          "Microsoft.Extensions.Logging.Abstractions": "9.0.0",
          "Microsoft.Extensions.Options": "9.0.0"
        }
      },
      "Microsoft.Extensions.Options": {
        "type": "Transitive",
        "resolved": "9.0.0",
        "contentHash": "y2146b3jrPI3Q0lokKXdKLpmXqakYbDIPDV6r3M8SqvSf45WwOTzkyfDpxnZXJsJQEpAsAqjUq5Pu8RCJMjubg==",
        "dependencies": {
          "Microsoft.Extensions.DependencyInjection.Abstractions": "9.0.0",
          "Microsoft.Extensions.Primitives": "9.0.0"
        }
      },
      "Microsoft.Extensions.Primitives": {
        "type": "Transitive",
        "resolved": "9.0.0",
        "contentHash": "N3qEBzmLMYiASUlKxxFIISP4AiwuPTHF5uCh+2CWSwwzAJiIYx0kBJsS30cp1nvhSySFAVi30jecD307jV+8Kg=="
      },
      "Microsoft.IdentityModel.Abstractions": {
        "type": "Transitive",
        "resolved": "8.2.0",
        "contentHash": "27ClfnelIu92kLGOaz0vjdXR1Jv7hAdLffxxNgR8T0+IMWmxeVyO3cU8oohmuTrWUFOfd2tsSGaRNewnuClIZw=="
      },
      "Microsoft.IdentityModel.JsonWebTokens": {
        "type": "Transitive",
        "resolved": "8.2.0",
        "contentHash": "/DAx+9HeqfkH/PccwHx7cUtQe9fYM6AxEmTla8WXUT+w+mapKLnigWmdKtF55hNvxiSnmGhSSCcG7XrvkpGKFA==",
        "dependencies": {
          "Microsoft.Bcl.TimeProvider": "8.0.1",
          "Microsoft.IdentityModel.Tokens": "8.2.0"
        }
      },
      "Microsoft.IdentityModel.Logging": {
        "type": "Transitive",
        "resolved": "8.2.0",
        "contentHash": "mZsjOZlbmCZfM71y8Fyo+D5UJ1RZFvmKXkxTfE2llQ0/CrfEeWmbpoew51w++EWs+G8B/peZqR1DQtbX3bB6Fg==",
        "dependencies": {
          "Microsoft.IdentityModel.Abstractions": "8.2.0"
        }
      },
      "Microsoft.IdentityModel.Protocols": {
        "type": "Transitive",
        "resolved": "8.0.1",
        "contentHash": "uA2vpKqU3I2mBBEaeJAWPTjT9v1TZrGWKdgK6G5qJd03CLx83kdiqO9cmiK8/n1erkHzFBwU/RphP83aAe3i3g==",
        "dependencies": {
          "Microsoft.IdentityModel.Tokens": "8.0.1"
        }
      },
      "Microsoft.IdentityModel.Protocols.OpenIdConnect": {
        "type": "Transitive",
        "resolved": "8.0.1",
        "contentHash": "AQDbfpL+yzuuGhO/mQhKNsp44pm5Jv8/BI4KiFXR7beVGZoSH35zMV3PrmcfvSTsyI6qrcR898NzUauD6SRigg==",
        "dependencies": {
          "Microsoft.IdentityModel.Protocols": "8.0.1",
          "System.IdentityModel.Tokens.Jwt": "8.0.1"
        }
      },
      "Microsoft.IdentityModel.Tokens": {
        "type": "Transitive",
        "resolved": "8.2.0",
        "contentHash": "/I+6D3SwW8hQh5wznGzQCrS4L5y5Re/0AEKKfXXAduWzz4WKqJzY8RmjwZ6W66bIFUhPrqOy6zsLKPik4Ppnbw==",
        "dependencies": {
          "Microsoft.Bcl.TimeProvider": "8.0.1",
          "Microsoft.IdentityModel.Logging": "8.2.0"
        }
      },
      "Microsoft.OpenApi": {
        "type": "Transitive",
        "resolved": "1.6.17",
        "contentHash": "Le+kehlmrlQfuDFUt1zZ2dVwrhFQtKREdKBo+rexOwaCoYP0/qpgT9tLxCsZjsgR5Itk1UKPcbgO+FyaNid/bA=="
      },
      "Microsoft.SourceLink.Common": {
        "type": "Transitive",
        "resolved": "8.0.0",
        "contentHash": "dk9JPxTCIevS75HyEQ0E4OVAFhB2N+V9ShCXf8Q6FkUQZDkgLI12y679Nym1YqsiSysuQskT7Z+6nUf3yab6Vw=="
      },
      "Microsoft.SourceLink.GitHub": {
        "type": "Transitive",
        "resolved": "8.0.0",
        "contentHash": "G5q7OqtwIyGTkeIOAc3u2ZuV/kicQaec5EaRnc0pIeSnh9LUjj+PYQrJYBURvDt7twGl2PKA7nSN0kz1Zw5bnQ==",
        "dependencies": {
          "Microsoft.Build.Tasks.Git": "8.0.0",
          "Microsoft.SourceLink.Common": "8.0.0"
        }
      },
      "Newtonsoft.Json": {
        "type": "Transitive",
        "resolved": "13.0.3",
        "contentHash": "HrC5BXdl00IP9zeV+0Z848QWPAoCr9P3bDEZguI+gkLcBKAOxix/tLEAAHC+UvDNPv4a2d18lOReHMOagPa+zQ=="
      },
      "Npgsql": {
        "type": "Transitive",
        "resolved": "8.0.5",
        "contentHash": "zRG5V8cyeZLpzJlKzFKjEwkRMYIYnHWJvEor2lWXeccS2E1G2nIWYYhnukB51iz5XsWSVEtqg3AxTWM0QJ6vfg==",
        "dependencies": {
          "Microsoft.Extensions.Logging.Abstractions": "8.0.0"
        }
      },
      "NuGet.Common": {
        "type": "Transitive",
        "resolved": "6.12.1",
        "contentHash": "nk8nTdhQl4x2VaAQUvefI7DDYAuBDlE+OZZRffm50Qx5dUAEq8wkc5JIqrN2lTEohObHPI/SXyG2UFdMQkrdyg==",
        "dependencies": {
          "NuGet.Frameworks": "6.12.1"
        }
      },
      "NuGet.Configuration": {
        "type": "Transitive",
        "resolved": "6.12.1",
        "contentHash": "IRwlY1379ZgJ0oEJvjD+lDuOhJ5S1fsU5n/bEC5/i0+N9bo2WIMDAdaQ/qIdyK/gMJ/YWS+++GSX6rN7luqEvg==",
        "dependencies": {
          "NuGet.Common": "6.12.1",
          "System.Security.Cryptography.ProtectedData": "4.4.0"
        }
      },
      "NuGet.Frameworks": {
        "type": "Transitive",
        "resolved": "6.12.1",
        "contentHash": "kPaRD5RJC0ByUg+yGX6bDz5XHMI7OYmQwP8kbtef+vZ+csj/VDb5Bwas4ChxwhoAbI8lEvwP5/3aViQPpgNBow=="
      },
      "NuGet.Versioning": {
        "type": "Transitive",
        "resolved": "6.12.1",
        "contentHash": "fJ6rFYANDnohFsdpaY79FvrJxI6murmoOxXz6nZlf819F48+IBKMnAIg3oIBRtZq5y498ObMtKnro5IitvizUg=="
      },
      "Serilog": {
        "type": "Transitive",
        "resolved": "4.0.0",
        "contentHash": "2jDkUrSh5EofOp7Lx5Zgy0EB+7hXjjxE2ktTb1WVQmU00lDACR2TdROGKU0K1pDTBSJBN1PqgYpgOZF8mL7NJw=="
      },
      "Serilog.Extensions.Logging": {
        "type": "Transitive",
        "resolved": "8.0.0",
        "contentHash": "YEAMWu1UnWgf1c1KP85l1SgXGfiVo0Rz6x08pCiPOIBt2Qe18tcZLvdBUuV5o1QHvrs8FAry9wTIhgBRtjIlEg==",
        "dependencies": {
          "Microsoft.Extensions.Logging": "8.0.0",
          "Serilog": "3.1.1"
        }
      },
      "Serilog.Formatting.Compact": {
        "type": "Transitive",
        "resolved": "2.0.0",
        "contentHash": "ob6z3ikzFM3D1xalhFuBIK1IOWf+XrQq+H4KeH4VqBcPpNcmUgZlRQ2h3Q7wvthpdZBBoY86qZOI2LCXNaLlNA==",
        "dependencies": {
          "Serilog": "3.1.0"
        }
      },
      "Serilog.Sinks.Debug": {
        "type": "Transitive",
        "resolved": "2.0.0",
        "contentHash": "Y6g3OBJ4JzTyyw16fDqtFcQ41qQAydnEvEqmXjhwhgjsnG/FaJ8GUqF5ldsC/bVkK8KYmqrPhDO+tm4dF6xx4A==",
        "dependencies": {
          "Serilog": "2.10.0"
        }
      },
      "Serilog.Sinks.File": {
        "type": "Transitive",
        "resolved": "5.0.0",
        "contentHash": "uwV5hdhWPwUH1szhO8PJpFiahqXmzPzJT/sOijH/kFgUx+cyoDTMM8MHD0adw9+Iem6itoibbUXHYslzXsLEAg==",
        "dependencies": {
          "Serilog": "2.10.0"
        }
      },
      "SignedUrl": {
        "type": "Transitive",
        "resolved": "1.2.0",
        "contentHash": "rI0Z5k4WQYEhyx3hLiw1hMzhV0Bb/jpQ+9joOGBwRwdpmrkUxuX9Q7OH0x/w+6XnCBBLZSB0moeCmZxUOMoT3A==",
        "dependencies": {
          "SignedUrl.Abstractions": "1.2.0"
        }
      },
      "SignedUrl.Abstractions": {
        "type": "Transitive",
        "resolved": "1.2.0",
        "contentHash": "4wSCb9zA6THyC0R5UFQkXZi1YJbk9xWKBlA7Rbq3gGrfoLdVISLpuZPx2djwf01wACQTvg/ajJumQkRSk7ultA=="
      },
      "SignedUrl.AspNet": {
        "type": "Transitive",
        "resolved": "1.2.0",
        "contentHash": "k3BmUELwtENsMlO52c+nX/Av+YHwQTsGGPCEwNcP1ADDuVg8neZ5MNE7tB5e6Wk1fGRzJ0FoIrdXKd7zizjYYg==",
        "dependencies": {
          "Microsoft.AspNetCore.DataProtection.Abstractions": "8.0.0",
          "Microsoft.AspNetCore.Http.Abstractions": "2.2.0",
          "SignedUrl.Abstractions": "1.2.0"
        }
      },
      "System.Diagnostics.DiagnosticSource": {
        "type": "Transitive",
        "resolved": "8.0.0",
        "contentHash": "c9xLpVz6PL9lp/djOWtk5KPDZq3cSYpmXoJQY524EOtuFl5z9ZtsotpsyrDW40U1DRnQSYvcPKEUV0X//u6gkQ=="
      },
      "System.Diagnostics.EventLog": {
        "type": "Transitive",
        "resolved": "6.0.0",
        "contentHash": "lcyUiXTsETK2ALsZrX+nWuHSIQeazhqPphLfaRxzdGaG93+0kELqpgEHtwWOlQe7+jSFnKwaCAgL4kjeZCQJnw=="
      },
      "System.Formats.Asn1": {
        "type": "Transitive",
        "resolved": "8.0.1",
        "contentHash": "XqKba7Mm/koKSjKMfW82olQdmfbI5yqeoLV/tidRp7fbh5rmHAQ5raDI/7SU0swTzv+jgqtUGkzmFxuUg0it1A=="
      },
      "System.Security.Cryptography.Pkcs": {
        "type": "Transitive",
        "resolved": "6.0.4",
        "contentHash": "LGbXi1oUJ9QgCNGXRO9ndzBL/GZgANcsURpMhNR8uO+rca47SZmciS3RSQUvlQRwK3QHZSHNOXzoMUASKA+Anw==",
        "dependencies": {
          "System.Formats.Asn1": "6.0.0"
        }
      },
      "System.Security.Cryptography.ProtectedData": {
        "type": "Transitive",
        "resolved": "4.4.0",
        "contentHash": "cJV7ScGW7EhatRsjehfvvYVBvtiSMKgN8bOVI0bQhnF5bU7vnHVIsH49Kva7i7GWaWYvmEzkYVk1TC+gZYBEog=="
      },
      "Wangkanai.Hosting": {
        "type": "Transitive",
        "resolved": "3.2.0",
        "contentHash": "beeZI1Qy+VkEiDIQZdfhQiM+npFIlKeDX+a8Fyf09JbTb710o64G31iH432C4xRttZcezbNEf3jkE54X1FXzVg==",
        "dependencies": {
          "Microsoft.SourceLink.GitHub": "8.0.0",
          "Wangkanai.System": "5.0.0"
        }
      },
      "Wangkanai.System": {
        "type": "Transitive",
        "resolved": "5.0.0",
        "contentHash": "zMzNXq6Ao0vtO4NrzOHqK8OMg0VOL1xTqsCeagyLVdr5k3HNs6ZDsvGBbzNPko7h/T1Q5yIXIP1TcB8xOg/pNA==",
        "dependencies": {
          "Microsoft.SourceLink.GitHub": "8.0.0"
        }
      },
      "YamlDotNet": {
        "type": "Transitive",
        "resolved": "16.1.3",
        "contentHash": "gtHGiDvU9VTtWte8f0thIM38cL1oowOjStKpeAEKKfA+Rc4AvekJzqFDZiiPcc4kw00ZiwR4OTJS56L16q98DQ=="
      },
      "ZstdSharp.Port": {
        "type": "Transitive",
        "resolved": "0.8.1",
        "contentHash": "19tNz33kn2EkyViFXuxfVn338UJaRmkwBphVqP2dVJIYQUQgFrgG5h061mxkRRg1Ax6r+6WOj1FxaFZ5qaWqqg=="
      },
      "pubnet.api.abstractions": {
        "type": "Project",
        "dependencies": {
          "Microsoft.Extensions.FileProviders.Abstractions": "[9.0.0, )",
          "PubNet.API.DTO": "[1.0.0, )",
          "PubNet.Auth": "[1.0.0, )",
          "PubNet.Database.Entities": "[1.0.0, )",
          "PubNet.DocsStorage.Abstractions": "[1.0.0, )",
          "Semver": "[3.0.0, )"
        }
      },
      "pubnet.api.dto": {
        "type": "Project",
        "dependencies": {
          "PubNet.Auth": "[1.0.0, )",
          "PubNet.Database.Entities": "[1.0.0, )",
          "Riok.Mapperly": "[4.1.0, )"
        }
      },
      "pubnet.api.services": {
        "type": "Project",
        "dependencies": {
          "DartLang.PubSpec.Serialization.Yaml": "[3.0.1, )",
          "Microsoft.Extensions.Identity.Core": "[9.0.0, )",
          "PubNet.API.Abstractions": "[1.0.0, )",
          "PubNet.Auth": "[1.0.0, )",
          "PubNet.BlobStorage.Abstractions": "[1.0.0, )",
          "PubNet.BlobStorage.Extensions": "[1.0.0, )",
          "PubNet.Database.Context": "[1.0.0, )",
          "PubNet.PackageStorage.Abstractions": "[1.0.0, )",
          "Semver": "[3.0.0, )",
          "SharpCompress": "[0.38.0, )",
          "System.IdentityModel.Tokens.Jwt": "[8.2.0, )",
          "Wangkanai.Detection": "[8.14.0, )"
        }
      },
      "pubnet.auth": {
        "type": "Project",
        "dependencies": {
          "Microsoft.Extensions.Configuration.Abstractions": "[9.0.0, )",
          "Microsoft.Extensions.Logging.Abstractions": "[9.0.0, )",
          "Vogen": "[5.0.3, )"
        }
      },
      "pubnet.blobstorage.abstractions": {
        "type": "Project"
      },
      "pubnet.blobstorage.extensions": {
        "type": "Project",
        "dependencies": {
          "PubNet.BlobStorage.Abstractions": "[1.0.0, )"
        }
      },
      "pubnet.blobstorage.localfileblobstorage": {
        "type": "Project",
        "dependencies": {
          "Microsoft.Extensions.Configuration.Abstractions": "[9.0.0, )",
          "Microsoft.Extensions.DependencyInjection.Abstractions": "[9.0.0, )",
          "PubNet.BlobStorage.Abstractions": "[1.0.0, )",
          "PubNet.BlobStorage.Extensions": "[1.0.0, )"
        }
      },
      "pubnet.database.context": {
        "type": "Project",
        "dependencies": {
          "Microsoft.EntityFrameworkCore": "[9.0.0-rc.2.24474.1, )",
          "Npgsql.EntityFrameworkCore.PostgreSQL": "[9.0.0-rc.2, )",
          "PubNet.Database.Entities": "[1.0.0, )"
        }
      },
      "pubnet.database.entities": {
        "type": "Project",
        "dependencies": {
          "DartLang.PubSpec.Serialization.Json": "[3.0.1, )",
          "Microsoft.EntityFrameworkCore": "[9.0.0-rc.2.24474.1, )",
          "Microsoft.EntityFrameworkCore.Relational": "[9.0.0-rc.2.24474.1, )",
          "NuGet.Packaging": "[6.12.1, )",
          "PubNet.Auth": "[1.0.0, )"
        }
      },
      "pubnet.docsstorage.abstractions": {
        "type": "Project",
        "dependencies": {
          "Microsoft.Extensions.FileProviders.Abstractions": "[9.0.0, )"
        }
      },
      "pubnet.docsstorage.localfiledocsstorage": {
        "type": "Project",
        "dependencies": {
          "Microsoft.Extensions.Configuration.Abstractions": "[9.0.0, )",
          "Microsoft.Extensions.FileProviders.Physical": "[9.0.0, )",
          "PubNet.DocsStorage.Abstractions": "[1.0.0, )"
        }
      },
      "pubnet.packagestorage.abstractions": {
        "type": "Project",
        "dependencies": {
          "Microsoft.Extensions.DependencyInjection.Abstractions": "[9.0.0, )"
        }
      },
      "pubnet.packagestorage.blobstorage": {
        "type": "Project",
        "dependencies": {
          "PubNet.BlobStorage.Abstractions": "[1.0.0, )",
          "PubNet.BlobStorage.Extensions": "[1.0.0, )",
          "PubNet.PackageStorage.Abstractions": "[1.0.0, )"
        }
      },
      "DartLang.PubSpec.Serialization.Json": {
        "type": "CentralTransitive",
        "requested": "[3.0.1, )",
        "resolved": "3.0.1",
        "contentHash": "IWB9WQiXRQmcq/aTIkOBF7QOkdZDoWMw7ijeny2ZQK0PVnnGKc9yvo0obMYmeFzYiRdToiY/EUvmVj7kjvEMtw==",
        "dependencies": {
          "DartLang.PubSpec": "3.0.1",
          "Semver": "3.0.0"
        }
      },
      "DartLang.PubSpec.Serialization.Yaml": {
        "type": "CentralTransitive",
        "requested": "[3.0.1, )",
        "resolved": "3.0.1",
        "contentHash": "G7F/+Br+hLIynbQNuB1X6rs19yBritX5XDZ5cAJJC51syd2xs6s10yfgnePslCapPfgJNK6mhXjukEL7G5hntA==",
        "dependencies": {
          "DartLang.PubSpec": "3.0.1",
          "YamlDotNet": "16.1.3"
        }
      },
      "Microsoft.EntityFrameworkCore.Relational": {
        "type": "CentralTransitive",
        "requested": "[9.0.0-rc.2.24474.1, )",
        "resolved": "9.0.0-rc.2.24474.1",
        "contentHash": "Rj80UExgku8FuA5FHazj6mWTAuXnaNXiSZKhta+fChOYe5y+l/ZbBC6J1+jXS27WHCFzOwuRKTl34xF/SKcZJg==",
        "dependencies": {
          "Microsoft.EntityFrameworkCore": "9.0.0-rc.2.24474.1",
          "Microsoft.Extensions.Caching.Memory": "9.0.0-rc.2.24473.5",
          "Microsoft.Extensions.Configuration.Abstractions": "9.0.0-rc.2.24473.5",
          "Microsoft.Extensions.Logging": "9.0.0-rc.2.24473.5"
        }
      },
      "Microsoft.Extensions.Configuration.Abstractions": {
        "type": "CentralTransitive",
        "requested": "[9.0.0, )",
        "resolved": "9.0.0",
        "contentHash": "lqvd7W3FGKUO1+ZoUEMaZ5XDJeWvjpy2/M/ptCGz3tXLD4HWVaSzjufsAsjemasBEg+2SxXVtYVvGt5r2nKDlg==",
        "dependencies": {
          "Microsoft.Extensions.Primitives": "9.0.0"
        }
      },
      "Microsoft.Extensions.DependencyInjection.Abstractions": {
        "type": "CentralTransitive",
        "requested": "[9.0.0, )",
        "resolved": "9.0.0",
        "contentHash": "+6f2qv2a3dLwd5w6JanPIPs47CxRbnk+ZocMJUhv9NxP88VlOcJYZs9jY+MYSjxvady08bUZn6qgiNh7DadGgg=="
      },
      "Microsoft.Extensions.FileProviders.Abstractions": {
        "type": "CentralTransitive",
        "requested": "[9.0.0, )",
        "resolved": "9.0.0",
        "contentHash": "uK439QzYR0q2emLVtYzwyK3x+T5bTY4yWsd/k/ZUS9LR6Sflp8MIdhGXW8kQCd86dQD4tLqvcbLkku8qHY263Q==",
        "dependencies": {
          "Microsoft.Extensions.Primitives": "9.0.0"
        }
      },
      "Microsoft.Extensions.FileProviders.Physical": {
        "type": "CentralTransitive",
        "requested": "[9.0.0, )",
        "resolved": "9.0.0",
        "contentHash": "3+ZUSpOSmie+o8NnLIRqCxSh65XL/ExU7JYnFOg58awDRlY3lVpZ9A369jkoZL1rpsq7LDhEfkn2ghhGaY1y5Q==",
        "dependencies": {
          "Microsoft.Extensions.FileProviders.Abstractions": "9.0.0",
          "Microsoft.Extensions.FileSystemGlobbing": "9.0.0",
          "Microsoft.Extensions.Primitives": "9.0.0"
        }
      },
      "Microsoft.Extensions.Identity.Core": {
        "type": "CentralTransitive",
        "requested": "[9.0.0, )",
        "resolved": "9.0.0",
        "contentHash": "+cQjUs8PIheIMALzrf/e4gW6A/yOK8XYBxeEmAfLvVIaV9lsBGvVT0zjEZ1KPQDJ9nUeQ9uAw077J7LPUwv8wA==",
        "dependencies": {
          "Microsoft.AspNetCore.Cryptography.KeyDerivation": "9.0.0",
          "Microsoft.Extensions.Logging": "9.0.0",
          "Microsoft.Extensions.Options": "9.0.0"
        }
      },
      "Microsoft.Extensions.Logging.Abstractions": {
        "type": "CentralTransitive",
        "requested": "[9.0.0, )",
        "resolved": "9.0.0",
        "contentHash": "g0UfujELzlLbHoVG8kPKVBaW470Ewi+jnptGS9KUi6jcb+k2StujtK3m26DFSGGwQ/+bVgZfsWqNzlP6YOejvw==",
        "dependencies": {
          "Microsoft.Extensions.DependencyInjection.Abstractions": "9.0.0"
        }
      },
      "Npgsql.EntityFrameworkCore.PostgreSQL": {
        "type": "CentralTransitive",
        "requested": "[9.0.0-rc.2, )",
        "resolved": "9.0.0-rc.2",
        "contentHash": "25aObiOmb/nG146o7MbGbZAn+NFaCVK6XJr/t5SuHhKM85lMZ+HzjBiOGI6k0KKc3oWLIglE92iS336aQMPo6w==",
        "dependencies": {
          "Microsoft.EntityFrameworkCore": "[9.0.0-rc.2.24474.1]",
          "Microsoft.EntityFrameworkCore.Relational": "[9.0.0-rc.2.24474.1]",
          "Npgsql": "8.0.5"
        }
      },
      "Riok.Mapperly": {
        "type": "CentralTransitive",
        "requested": "[4.1.0, )",
        "resolved": "4.1.0",
        "contentHash": "Px/qQh977qubJhuVXp+uQrZ0DU/X7HimKnXnvW3BISsM/6CwpxxgVe853MVvdvF5zbogP314s44qXiGNghtVgQ=="
      },
      "Semver": {
        "type": "CentralTransitive",
        "requested": "[3.0.0, )",
        "resolved": "3.0.0",
        "contentHash": "9jZCicsVgTebqkAujRWtC9J1A5EQVlu0TVKHcgoCuv345ve5DYf4D1MjhKEnQjdRZo6x/vdv6QQrYFs7ilGzLA==",
        "dependencies": {
          "Microsoft.Extensions.Primitives": "5.0.1"
        }
      },
      "Serilog.Extensions.Hosting": {
        "type": "CentralTransitive",
        "requested": "[8.0.0, )",
        "resolved": "8.0.0",
        "contentHash": "db0OcbWeSCvYQkHWu6n0v40N4kKaTAXNjlM3BKvcbwvNzYphQFcBR+36eQ/7hMMwOkJvAyLC2a9/jNdUL5NjtQ==",
        "dependencies": {
          "Microsoft.Extensions.DependencyInjection.Abstractions": "8.0.0",
          "Microsoft.Extensions.Hosting.Abstractions": "8.0.0",
          "Microsoft.Extensions.Logging.Abstractions": "8.0.0",
          "Serilog": "3.1.1",
          "Serilog.Extensions.Logging": "8.0.0"
        }
      },
      "Serilog.Settings.Configuration": {
        "type": "CentralTransitive",
        "requested": "[8.0.4, )",
        "resolved": "8.0.4",
        "contentHash": "pkxvq0umBKK8IKFJc1aV5S/HGRG/NIxJ6FV42KaTPLfDmBOAbBUB1m5gqqlGxzEa1MgDDWtQlWJdHTSxVWNx+Q==",
        "dependencies": {
          "Microsoft.Extensions.Configuration.Binder": "8.0.0",
          "Microsoft.Extensions.DependencyModel": "8.0.2",
          "Serilog": "3.1.1"
        }
      },
      "Serilog.Sinks.Console": {
        "type": "CentralTransitive",
        "requested": "[6.0.0, )",
        "resolved": "5.0.0",
        "contentHash": "IZ6bn79k+3SRXOBpwSOClUHikSkp2toGPCZ0teUkscv4dpDg9E2R2xVsNkLmwddE4OpNVO3N0xiYsAH556vN8Q==",
        "dependencies": {
          "Serilog": "3.1.0"
        }
      },
      "SharpCompress": {
        "type": "CentralTransitive",
        "requested": "[0.38.0, )",
        "resolved": "0.38.0",
        "contentHash": "8i6KqjAFI3mvya8W8rnQrf5h4vz6ilw4zqk2AzInVqqqZ25TD6fmVeYBnlisjTWwP26eltZc0buSmJ8a3YIGxg==",
        "dependencies": {
          "ZstdSharp.Port": "0.8.1"
        }
      },
      "System.IdentityModel.Tokens.Jwt": {
        "type": "CentralTransitive",
        "requested": "[8.2.0, )",
        "resolved": "8.2.0",
        "contentHash": "M61kEnR2ljMFL2vLHmHrodCqPO/zKsYsaRu3jdagYOP/y0ZdFoFoATyfwR0bJ5quBsWEPL5y8QU7CJiEh2kq+Q==",
        "dependencies": {
          "Microsoft.IdentityModel.JsonWebTokens": "8.2.0",
          "Microsoft.IdentityModel.Tokens": "8.2.0"
        }
      },
      "Vogen": {
        "type": "CentralTransitive",
        "requested": "[5.0.3, )",
        "resolved": "5.0.3",
        "contentHash": "GUofXjk0VKJBlzcDVHhOIE5Z7hNuLujuShUTndkZPV+ZBZ7Ss9qWlEUb51kMXyBMsFJ9mBraq+eC7fUoVoOPYg=="
      },
      "Wangkanai.Detection": {
        "type": "CentralTransitive",
        "requested": "[8.14.0, )",
        "resolved": "8.14.0",
        "contentHash": "wwsSQrm0FFnlnxgsAUjWA5ersoQSQefUN1wVSAN2s5S3T5UDTkW6DJ5/75fYzjcheUWuKK8wxEdycSZ2EkdIfQ==",
        "dependencies": {
          "Microsoft.SourceLink.GitHub": "8.0.0",
          "Wangkanai.Hosting": "3.2.0",
          "Wangkanai.System": "5.0.0"
        }
      }
    }
  }
}